{
  "object": {
    "pins": [
      {
        "package": "AppCheck",
        "repositoryURL": "https://github.com/google/app-check.git",
        "state": {
          "branch": null,
          "revision": "61b85103a1aeed8218f17c794687781505fbbef5",
          "version": "11.2.0"
        }
      },
      {
        "package": "AppAuth",
        "repositoryURL": "https://github.com/openid/AppAuth-iOS.git",
        "state": {
          "branch": null,
          "revision": "145104f5ea9d58ae21b60add007c33c1cc0c948e",
          "version": "2.0.0"
        }
      },
      {
        "package": "GoogleUtilities",
        "repositoryURL": "https://github.com/google/GoogleUtilities.git",
        "state": {
          "branch": null,
          "revision": "60da361632d0de02786f709bdc0c4df340f7613e",
          "version": "8.1.0"
        }
      },
      {
        "package": "GTMSessionFetcher",
        "repositoryURL": "https://github.com/google/gtm-session-fetcher.git",
        "state": {
          "branch": null,
          "revision": "a2ab612cb980066ee56d90d60d8462992c07f24b",
          "version": "3.5.0"
        }
      },
      {
        "package": "GTMAppAuth",
        "repositoryURL": "https://github.com/brnnmrls/GTMAppAuth.git",
        "state": {
          "branch": null,
          "revision": "56e0ccf09a6dd29dc7e68bdf729598240ca8aa16",
          "version": "5.0.0"
        }
      },
      {
        "package": "OCMock",
        "repositoryURL": "https://github.com/firebase/ocmock.git",
        "state": {
          "branch": null,
          "revision": "7291762d3551c5c7e31c49cce40a0e391a52e889",
          "version": null
        }
      },
      {
        "package": "Promises",
        "repositoryURL": "https://github.com/google/promises.git",
        "state": {
          "branch": null,
          "revision": "540318ecedd63d883069ae7f1ed811a2df00b6ac",
          "version": "2.4.0"
        }
      }
    ]
  },
  "version": 1
}
