// !$*UTF8*$!
{
	archiveVersion = 1;
	classes = {
	};
	objectVersion = 46;
	objects = {

/* Begin PBXBuildFile section */
		1D721EFBF29E4B5D3EA5BE4D /* Pods_SampleForPod.framework in Frameworks */ = {isa = PBXBuildFile; fileRef = 2675052AF6D7076DCBF751BB /* Pods_SampleForPod.framework */; };
		7314214E29E7348800D35433 /* Empty.swift in Sources */ = {isa = PBXBuildFile; fileRef = 7314214D29E7348800D35433 /* Empty.swift */; };
		D926A5701BC3236100ADECE6 /* AppDelegate.m in Sources */ = {isa = PBXBuildFile; fileRef = D926A5381BC3236100ADECE6 /* AppDelegate.m */; };
		D926A5711BC3236100ADECE6 /* AuthInspectorViewController.m in Sources */ = {isa = PBXBuildFile; fileRef = D926A53A1BC3236100ADECE6 /* AuthInspectorViewController.m */; };
		D926A5721BC3236100ADECE6 /* DataPickerState.m in Sources */ = {isa = PBXBuildFile; fileRef = D926A53C1BC3236100ADECE6 /* DataPickerState.m */; };
		D926A5731BC3236100ADECE6 /* DataPickerViewController.m in Sources */ = {isa = PBXBuildFile; fileRef = D926A53E1BC3236100ADECE6 /* DataPickerViewController.m */; };
		D926A5741BC3236100ADECE6 /* LaunchScreen.xib in Resources */ = {isa = PBXBuildFile; fileRef = D926A53F1BC3236100ADECE6 /* LaunchScreen.xib */; };
		D926A5751BC3236100ADECE6 /* main.m in Sources */ = {isa = PBXBuildFile; fileRef = D926A5401BC3236100ADECE6 /* main.m */; };
		D926A5761BC3236100ADECE6 /* Dummy.strings in Resources */ = {isa = PBXBuildFile; fileRef = D926A5421BC3236100ADECE6 /* Dummy.strings */; };
		D926A5771BC3236100ADECE6 /* DataPickerDictionary.plist in Resources */ = {isa = PBXBuildFile; fileRef = D926A5471BC3236100ADECE6 /* DataPickerDictionary.plist */; };
		D926A5781BC3236100ADECE6 /* Images.xcassets in Resources */ = {isa = PBXBuildFile; fileRef = D926A5541BC3236100ADECE6 /* Images.xcassets */; };
		D926A5791BC3236100ADECE6 /* PlaceholderAvatar.png in Resources */ = {isa = PBXBuildFile; fileRef = D926A55C1BC3236100ADECE6 /* PlaceholderAvatar.png */; };
		D926A57A1BC3236100ADECE6 /* refresh.png in Resources */ = {isa = PBXBuildFile; fileRef = D926A5601BC3236100ADECE6 /* refresh.png */; };
		D926A57D1BC3236100ADECE6 /* SignInViewController.m in Sources */ = {isa = PBXBuildFile; fileRef = D926A56E1BC3236100ADECE6 /* SignInViewController.m */; };
		D926A57E1BC3236100ADECE6 /* SignInViewController.xib in Resources */ = {isa = PBXBuildFile; fileRef = D926A56F1BC3236100ADECE6 /* SignInViewController.xib */; };
/* End PBXBuildFile section */

/* Begin PBXFileReference section */
		2675052AF6D7076DCBF751BB /* Pods_SampleForPod.framework */ = {isa = PBXFileReference; explicitFileType = wrapper.framework; includeInIndex = 0; path = Pods_SampleForPod.framework; sourceTree = BUILT_PRODUCTS_DIR; };
		7314214D29E7348800D35433 /* Empty.swift */ = {isa = PBXFileReference; lastKnownFileType = sourcecode.swift; path = Empty.swift; sourceTree = "<group>"; };
		C1B5D38B282AFE460068D12B /* README.md */ = {isa = PBXFileReference; lastKnownFileType = net.daringfireball.markdown; path = README.md; sourceTree = "<group>"; };
		D926A51D1BC31FE000ADECE6 /* SignInSample.app */ = {isa = PBXFileReference; explicitFileType = wrapper.application; includeInIndex = 0; path = SignInSample.app; sourceTree = BUILT_PRODUCTS_DIR; };
		D926A5371BC3236100ADECE6 /* AppDelegate.h */ = {isa = PBXFileReference; fileEncoding = 4; lastKnownFileType = sourcecode.c.h; name = AppDelegate.h; path = Source/AppDelegate.h; sourceTree = SOURCE_ROOT; };
		D926A5381BC3236100ADECE6 /* AppDelegate.m */ = {isa = PBXFileReference; fileEncoding = 4; lastKnownFileType = sourcecode.c.objc; name = AppDelegate.m; path = Source/AppDelegate.m; sourceTree = SOURCE_ROOT; };
		D926A5391BC3236100ADECE6 /* AuthInspectorViewController.h */ = {isa = PBXFileReference; fileEncoding = 4; lastKnownFileType = sourcecode.c.h; name = AuthInspectorViewController.h; path = Source/AuthInspectorViewController.h; sourceTree = SOURCE_ROOT; };
		D926A53A1BC3236100ADECE6 /* AuthInspectorViewController.m */ = {isa = PBXFileReference; fileEncoding = 4; lastKnownFileType = sourcecode.c.objc; name = AuthInspectorViewController.m; path = Source/AuthInspectorViewController.m; sourceTree = SOURCE_ROOT; };
		D926A53B1BC3236100ADECE6 /* DataPickerState.h */ = {isa = PBXFileReference; fileEncoding = 4; lastKnownFileType = sourcecode.c.h; name = DataPickerState.h; path = Source/DataPickerState.h; sourceTree = SOURCE_ROOT; };
		D926A53C1BC3236100ADECE6 /* DataPickerState.m */ = {isa = PBXFileReference; fileEncoding = 4; lastKnownFileType = sourcecode.c.objc; name = DataPickerState.m; path = Source/DataPickerState.m; sourceTree = SOURCE_ROOT; };
		D926A53D1BC3236100ADECE6 /* DataPickerViewController.h */ = {isa = PBXFileReference; fileEncoding = 4; lastKnownFileType = sourcecode.c.h; name = DataPickerViewController.h; path = Source/DataPickerViewController.h; sourceTree = SOURCE_ROOT; };
		D926A53E1BC3236100ADECE6 /* DataPickerViewController.m */ = {isa = PBXFileReference; fileEncoding = 4; lastKnownFileType = sourcecode.c.objc; name = DataPickerViewController.m; path = Source/DataPickerViewController.m; sourceTree = SOURCE_ROOT; };
		D926A53F1BC3236100ADECE6 /* LaunchScreen.xib */ = {isa = PBXFileReference; fileEncoding = 4; lastKnownFileType = file.xib; name = LaunchScreen.xib; path = Source/LaunchScreen.xib; sourceTree = SOURCE_ROOT; };
		D926A5401BC3236100ADECE6 /* main.m */ = {isa = PBXFileReference; fileEncoding = 4; lastKnownFileType = sourcecode.c.objc; name = main.m; path = Source/main.m; sourceTree = SOURCE_ROOT; };
		D926A5431BC3236100ADECE6 /* ar */ = {isa = PBXFileReference; lastKnownFileType = text.plist.strings; name = ar; path = ar.lproj/Dummy.strings; sourceTree = "<group>"; };
		D926A5441BC3236100ADECE6 /* ca */ = {isa = PBXFileReference; lastKnownFileType = text.plist.strings; name = ca; path = ca.lproj/Dummy.strings; sourceTree = "<group>"; };
		D926A5451BC3236100ADECE6 /* cs */ = {isa = PBXFileReference; lastKnownFileType = text.plist.strings; name = cs; path = cs.lproj/Dummy.strings; sourceTree = "<group>"; };
		D926A5461BC3236100ADECE6 /* da */ = {isa = PBXFileReference; lastKnownFileType = text.plist.strings; name = da; path = da.lproj/Dummy.strings; sourceTree = "<group>"; };
		D926A5471BC3236100ADECE6 /* DataPickerDictionary.plist */ = {isa = PBXFileReference; fileEncoding = 4; lastKnownFileType = text.plist.xml; path = DataPickerDictionary.plist; sourceTree = "<group>"; };
		D926A5481BC3236100ADECE6 /* de */ = {isa = PBXFileReference; lastKnownFileType = text.plist.strings; name = de; path = de.lproj/Dummy.strings; sourceTree = "<group>"; };
		D926A5491BC3236100ADECE6 /* el */ = {isa = PBXFileReference; lastKnownFileType = text.plist.strings; name = el; path = el.lproj/Dummy.strings; sourceTree = "<group>"; };
		D926A54A1BC3236100ADECE6 /* en */ = {isa = PBXFileReference; lastKnownFileType = text.plist.strings; name = en; path = en.lproj/Dummy.strings; sourceTree = "<group>"; };
		D926A54B1BC3236100ADECE6 /* en_GB */ = {isa = PBXFileReference; lastKnownFileType = text.plist.strings; name = en_GB; path = en_GB.lproj/Dummy.strings; sourceTree = "<group>"; };
		D926A54C1BC3236100ADECE6 /* es */ = {isa = PBXFileReference; lastKnownFileType = text.plist.strings; name = es; path = es.lproj/Dummy.strings; sourceTree = "<group>"; };
		D926A54D1BC3236100ADECE6 /* es_MX */ = {isa = PBXFileReference; lastKnownFileType = text.plist.strings; name = es_MX; path = es_MX.lproj/Dummy.strings; sourceTree = "<group>"; };
		D926A54E1BC3236100ADECE6 /* fi */ = {isa = PBXFileReference; lastKnownFileType = text.plist.strings; name = fi; path = fi.lproj/Dummy.strings; sourceTree = "<group>"; };
		D926A54F1BC3236100ADECE6 /* fr */ = {isa = PBXFileReference; lastKnownFileType = text.plist.strings; name = fr; path = fr.lproj/Dummy.strings; sourceTree = "<group>"; };
		D926A5501BC3236100ADECE6 /* he */ = {isa = PBXFileReference; lastKnownFileType = text.plist.strings; name = he; path = he.lproj/Dummy.strings; sourceTree = "<group>"; };
		D926A5511BC3236100ADECE6 /* hr */ = {isa = PBXFileReference; lastKnownFileType = text.plist.strings; name = hr; path = hr.lproj/Dummy.strings; sourceTree = "<group>"; };
		D926A5521BC3236100ADECE6 /* hu */ = {isa = PBXFileReference; lastKnownFileType = text.plist.strings; name = hu; path = hu.lproj/Dummy.strings; sourceTree = "<group>"; };
		D926A5531BC3236100ADECE6 /* id */ = {isa = PBXFileReference; lastKnownFileType = text.plist.strings; name = id; path = id.lproj/Dummy.strings; sourceTree = "<group>"; };
		D926A5541BC3236100ADECE6 /* Images.xcassets */ = {isa = PBXFileReference; lastKnownFileType = folder.assetcatalog; path = Images.xcassets; sourceTree = "<group>"; };
		D926A5551BC3236100ADECE6 /* it */ = {isa = PBXFileReference; lastKnownFileType = text.plist.strings; name = it; path = it.lproj/Dummy.strings; sourceTree = "<group>"; };
		D926A5561BC3236100ADECE6 /* ja */ = {isa = PBXFileReference; lastKnownFileType = text.plist.strings; name = ja; path = ja.lproj/Dummy.strings; sourceTree = "<group>"; };
		D926A5571BC3236100ADECE6 /* ko */ = {isa = PBXFileReference; lastKnownFileType = text.plist.strings; name = ko; path = ko.lproj/Dummy.strings; sourceTree = "<group>"; };
		D926A5581BC3236100ADECE6 /* ms */ = {isa = PBXFileReference; lastKnownFileType = text.plist.strings; name = ms; path = ms.lproj/Dummy.strings; sourceTree = "<group>"; };
		D926A5591BC3236100ADECE6 /* nb */ = {isa = PBXFileReference; lastKnownFileType = text.plist.strings; name = nb; path = nb.lproj/Dummy.strings; sourceTree = "<group>"; };
		D926A55A1BC3236100ADECE6 /* nl */ = {isa = PBXFileReference; lastKnownFileType = text.plist.strings; name = nl; path = nl.lproj/Dummy.strings; sourceTree = "<group>"; };
		D926A55B1BC3236100ADECE6 /* pl */ = {isa = PBXFileReference; lastKnownFileType = text.plist.strings; name = pl; path = pl.lproj/Dummy.strings; sourceTree = "<group>"; };
		D926A55C1BC3236100ADECE6 /* PlaceholderAvatar.png */ = {isa = PBXFileReference; lastKnownFileType = image.png; path = PlaceholderAvatar.png; sourceTree = "<group>"; };
		D926A55D1BC3236100ADECE6 /* pt */ = {isa = PBXFileReference; lastKnownFileType = text.plist.strings; name = pt; path = pt.lproj/Dummy.strings; sourceTree = "<group>"; };
		D926A55E1BC3236100ADECE6 /* pt_BR */ = {isa = PBXFileReference; lastKnownFileType = text.plist.strings; name = pt_BR; path = pt_BR.lproj/Dummy.strings; sourceTree = "<group>"; };
		D926A55F1BC3236100ADECE6 /* pt_PT */ = {isa = PBXFileReference; lastKnownFileType = text.plist.strings; name = pt_PT; path = pt_PT.lproj/Dummy.strings; sourceTree = "<group>"; };
		D926A5601BC3236100ADECE6 /* refresh.png */ = {isa = PBXFileReference; lastKnownFileType = image.png; path = refresh.png; sourceTree = "<group>"; };
		D926A5611BC3236100ADECE6 /* ro */ = {isa = PBXFileReference; lastKnownFileType = text.plist.strings; name = ro; path = ro.lproj/Dummy.strings; sourceTree = "<group>"; };
		D926A5621BC3236100ADECE6 /* ru */ = {isa = PBXFileReference; lastKnownFileType = text.plist.strings; name = ru; path = ru.lproj/Dummy.strings; sourceTree = "<group>"; };
		D926A5631BC3236100ADECE6 /* sk */ = {isa = PBXFileReference; lastKnownFileType = text.plist.strings; name = sk; path = sk.lproj/Dummy.strings; sourceTree = "<group>"; };
		D926A5641BC3236100ADECE6 /* sv */ = {isa = PBXFileReference; lastKnownFileType = text.plist.strings; name = sv; path = sv.lproj/Dummy.strings; sourceTree = "<group>"; };
		D926A5651BC3236100ADECE6 /* th */ = {isa = PBXFileReference; lastKnownFileType = text.plist.strings; name = th; path = th.lproj/Dummy.strings; sourceTree = "<group>"; };
		D926A5661BC3236100ADECE6 /* tr */ = {isa = PBXFileReference; lastKnownFileType = text.plist.strings; name = tr; path = tr.lproj/Dummy.strings; sourceTree = "<group>"; };
		D926A5671BC3236100ADECE6 /* uk */ = {isa = PBXFileReference; lastKnownFileType = text.plist.strings; name = uk; path = uk.lproj/Dummy.strings; sourceTree = "<group>"; };
		D926A5681BC3236100ADECE6 /* vi */ = {isa = PBXFileReference; lastKnownFileType = text.plist.strings; name = vi; path = vi.lproj/Dummy.strings; sourceTree = "<group>"; };
		D926A5691BC3236100ADECE6 /* zh_CN */ = {isa = PBXFileReference; lastKnownFileType = text.plist.strings; name = zh_CN; path = zh_CN.lproj/Dummy.strings; sourceTree = "<group>"; };
		D926A56A1BC3236100ADECE6 /* zh_TW */ = {isa = PBXFileReference; lastKnownFileType = text.plist.strings; name = zh_TW; path = zh_TW.lproj/Dummy.strings; sourceTree = "<group>"; };
		D926A56B1BC3236100ADECE6 /* SignInSample-Info.plist */ = {isa = PBXFileReference; fileEncoding = 4; lastKnownFileType = text.plist.xml; path = "SignInSample-Info.plist"; sourceTree = SOURCE_ROOT; };
		D926A56D1BC3236100ADECE6 /* SignInViewController.h */ = {isa = PBXFileReference; fileEncoding = 4; lastKnownFileType = sourcecode.c.h; name = SignInViewController.h; path = Source/SignInViewController.h; sourceTree = SOURCE_ROOT; };
		D926A56E1BC3236100ADECE6 /* SignInViewController.m */ = {isa = PBXFileReference; fileEncoding = 4; lastKnownFileType = sourcecode.c.objc; name = SignInViewController.m; path = Source/SignInViewController.m; sourceTree = SOURCE_ROOT; };
		D926A56F1BC3236100ADECE6 /* SignInViewController.xib */ = {isa = PBXFileReference; fileEncoding = 4; lastKnownFileType = file.xib; name = SignInViewController.xib; path = Source/SignInViewController.xib; sourceTree = SOURCE_ROOT; };
		DAD21F7A41C90200270A7376 /* Pods-SampleForPod.release.xcconfig */ = {isa = PBXFileReference; includeInIndex = 1; lastKnownFileType = text.xcconfig; name = "Pods-SampleForPod.release.xcconfig"; path = "Target Support Files/Pods-SampleForPod/Pods-SampleForPod.release.xcconfig"; sourceTree = "<group>"; };
		FE1798D23522F57E24875676 /* Pods-SampleForPod.debug.xcconfig */ = {isa = PBXFileReference; includeInIndex = 1; lastKnownFileType = text.xcconfig; name = "Pods-SampleForPod.debug.xcconfig"; path = "Target Support Files/Pods-SampleForPod/Pods-SampleForPod.debug.xcconfig"; sourceTree = "<group>"; };
/* End PBXFileReference section */

/* Begin PBXFrameworksBuildPhase section */
		D926A51A1BC31FE000ADECE6 /* Frameworks */ = {
			isa = PBXFrameworksBuildPhase;
			buildActionMask = 2147483647;
			files = (
				1D721EFBF29E4B5D3EA5BE4D /* Pods_SampleForPod.framework in Frameworks */,
			);
			runOnlyForDeploymentPostprocessing = 0;
		};
/* End PBXFrameworksBuildPhase section */

/* Begin PBXGroup section */
		19474CEE103056649A5A84AC /* Pods */ = {
			isa = PBXGroup;
			children = (
				FE1798D23522F57E24875676 /* Pods-SampleForPod.debug.xcconfig */,
				DAD21F7A41C90200270A7376 /* Pods-SampleForPod.release.xcconfig */,
			);
			path = Pods;
			sourceTree = "<group>";
		};
		BB0E907DD016FB9CB6DC01B5 /* Frameworks */ = {
			isa = PBXGroup;
			children = (
				2675052AF6D7076DCBF751BB /* Pods_SampleForPod.framework */,
			);
			name = Frameworks;
			sourceTree = "<group>";
		};
		C1E6921F26431165004CE2BC /* Source */ = {
			isa = PBXGroup;
			children = (
				D926A5371BC3236100ADECE6 /* AppDelegate.h */,
				D926A5381BC3236100ADECE6 /* AppDelegate.m */,
				D926A5391BC3236100ADECE6 /* AuthInspectorViewController.h */,
				D926A53A1BC3236100ADECE6 /* AuthInspectorViewController.m */,
				D926A53B1BC3236100ADECE6 /* DataPickerState.h */,
				D926A53C1BC3236100ADECE6 /* DataPickerState.m */,
				D926A53D1BC3236100ADECE6 /* DataPickerViewController.h */,
				D926A53E1BC3236100ADECE6 /* DataPickerViewController.m */,
				D926A53F1BC3236100ADECE6 /* LaunchScreen.xib */,
				D926A5401BC3236100ADECE6 /* main.m */,
				D926A56D1BC3236100ADECE6 /* SignInViewController.h */,
				D926A56E1BC3236100ADECE6 /* SignInViewController.m */,
				D926A56F1BC3236100ADECE6 /* SignInViewController.xib */,
				7314214D29E7348800D35433 /* Empty.swift */,
			);
			path = Source;
			sourceTree = "<group>";
		};
		D926A5141BC31FE000ADECE6 = {
			isa = PBXGroup;
			children = (
				C1B5D38B282AFE460068D12B /* README.md */,
				D926A56B1BC3236100ADECE6 /* SignInSample-Info.plist */,
				C1E6921F26431165004CE2BC /* Source */,
				D926A5411BC3236100ADECE6 /* Resources */,
				D926A51E1BC31FE000ADECE6 /* Products */,
				19474CEE103056649A5A84AC /* Pods */,
				BB0E907DD016FB9CB6DC01B5 /* Frameworks */,
			);
			sourceTree = "<group>";
		};
		D926A51E1BC31FE000ADECE6 /* Products */ = {
			isa = PBXGroup;
			children = (
				D926A51D1BC31FE000ADECE6 /* SignInSample.app */,
			);
			name = Products;
			sourceTree = "<group>";
		};
		D926A5411BC3236100ADECE6 /* Resources */ = {
			isa = PBXGroup;
			children = (
				D926A5421BC3236100ADECE6 /* Dummy.strings */,
				D926A5471BC3236100ADECE6 /* DataPickerDictionary.plist */,
				D926A5541BC3236100ADECE6 /* Images.xcassets */,
				D926A55C1BC3236100ADECE6 /* PlaceholderAvatar.png */,
				D926A5601BC3236100ADECE6 /* refresh.png */,
			);
			path = Resources;
			sourceTree = SOURCE_ROOT;
		};
/* End PBXGroup section */

/* Begin PBXNativeTarget section */
		D926A51C1BC31FE000ADECE6 /* SampleForPod */ = {
			isa = PBXNativeTarget;
			buildConfigurationList = D926A5341BC31FE000ADECE6 /* Build configuration list for PBXNativeTarget "SampleForPod" */;
			buildPhases = (
				4E03DCAF883884540B8AF6E6 /* [CP] Check Pods Manifest.lock */,
				D926A5191BC31FE000ADECE6 /* Sources */,
				D926A51A1BC31FE000ADECE6 /* Frameworks */,
				D926A51B1BC31FE000ADECE6 /* Resources */,
				CA434359EF3A93E8F17342C4 /* [CP] Embed Pods Frameworks */,
			);
			buildRules = (
			);
			dependencies = (
			);
			name = SampleForPod;
			productName = SampleForPod;
			productReference = D926A51D1BC31FE000ADECE6 /* SignInSample.app */;
			productType = "com.apple.product-type.application";
		};
/* End PBXNativeTarget section */

/* Begin PBXProject section */
		D926A5151BC31FE000ADECE6 /* Project object */ = {
			isa = PBXProject;
			attributes = {
				LastUpgradeCheck = 1240;
				ORGANIZATIONNAME = "Google Inc";
				TargetAttributes = {
					D926A51C1BC31FE000ADECE6 = {
						CreatedOnToolsVersion = 7.0;
						LastSwiftMigration = 1420;
					};
				};
			};
			buildConfigurationList = D926A5181BC31FE000ADECE6 /* Build configuration list for PBXProject "SignInSampleForPod" */;
			compatibilityVersion = "Xcode 3.2";
			developmentRegion = en;
			hasScannedForEncodings = 0;
			knownRegions = (
				en,
				Base,
				ar,
				ca,
				cs,
				da,
				de,
				el,
				en_GB,
				es,
				es_MX,
				fi,
				fr,
				he,
				hr,
				hu,
				id,
				it,
				ja,
				ko,
				ms,
				nb,
				nl,
				pl,
				pt,
				pt_BR,
				pt_PT,
				ro,
				ru,
				sk,
				sv,
				th,
				tr,
				uk,
				vi,
				zh_CN,
				zh_TW,
			);
			mainGroup = D926A5141BC31FE000ADECE6;
			productRefGroup = D926A51E1BC31FE000ADECE6 /* Products */;
			projectDirPath = "";
			projectRoot = "";
			targets = (
				D926A51C1BC31FE000ADECE6 /* SampleForPod */,
			);
		};
/* End PBXProject section */

/* Begin PBXResourcesBuildPhase section */
		D926A51B1BC31FE000ADECE6 /* Resources */ = {
			isa = PBXResourcesBuildPhase;
			buildActionMask = 2147483647;
			files = (
				D926A5791BC3236100ADECE6 /* PlaceholderAvatar.png in Resources */,
				D926A57A1BC3236100ADECE6 /* refresh.png in Resources */,
				D926A5741BC3236100ADECE6 /* LaunchScreen.xib in Resources */,
				D926A5781BC3236100ADECE6 /* Images.xcassets in Resources */,
				D926A5761BC3236100ADECE6 /* Dummy.strings in Resources */,
				D926A57E1BC3236100ADECE6 /* SignInViewController.xib in Resources */,
				D926A5771BC3236100ADECE6 /* DataPickerDictionary.plist in Resources */,
			);
			runOnlyForDeploymentPostprocessing = 0;
		};
/* End PBXResourcesBuildPhase section */

/* Begin PBXShellScriptBuildPhase section */
		4E03DCAF883884540B8AF6E6 /* [CP] Check Pods Manifest.lock */ = {
			isa = PBXShellScriptBuildPhase;
			buildActionMask = 2147483647;
			files = (
			);
			inputFileListPaths = (
			);
			inputPaths = (
				"${PODS_PODFILE_DIR_PATH}/Podfile.lock",
				"${PODS_ROOT}/Manifest.lock",
			);
			name = "[CP] Check Pods Manifest.lock";
			outputFileListPaths = (
			);
			outputPaths = (
				"$(DERIVED_FILE_DIR)/Pods-SampleForPod-checkManifestLockResult.txt",
			);
			runOnlyForDeploymentPostprocessing = 0;
			shellPath = /bin/sh;
			shellScript = "diff \"${PODS_PODFILE_DIR_PATH}/Podfile.lock\" \"${PODS_ROOT}/Manifest.lock\" > /dev/null\nif [ $? != 0 ] ; then\n    # print error to STDERR\n    echo \"error: The sandbox is not in sync with the Podfile.lock. Run 'pod install' or update your CocoaPods installation.\" >&2\n    exit 1\nfi\n# This output is used by Xcode 'outputs' to avoid re-running this script phase.\necho \"SUCCESS\" > \"${SCRIPT_OUTPUT_FILE_0}\"\n";
			showEnvVarsInLog = 0;
		};
		CA434359EF3A93E8F17342C4 /* [CP] Embed Pods Frameworks */ = {
			isa = PBXShellScriptBuildPhase;
			buildActionMask = 2147483647;
			files = (
			);
			inputPaths = (
				"${PODS_ROOT}/Target Support Files/Pods-SampleForPod/Pods-SampleForPod-frameworks.sh",
				"${BUILT_PRODUCTS_DIR}/AppAuth/AppAuth.framework",
				"${BUILT_PRODUCTS_DIR}/AppCheckCore/AppCheckCore.framework",
				"${BUILT_PRODUCTS_DIR}/GTMAppAuth/GTMAppAuth.framework",
				"${BUILT_PRODUCTS_DIR}/GTMSessionFetcher/GTMSessionFetcher.framework",
				"${BUILT_PRODUCTS_DIR}/GoogleSignIn/GoogleSignIn.framework",
				"${BUILT_PRODUCTS_DIR}/GoogleUtilities/GoogleUtilities.framework",
				"${BUILT_PRODUCTS_DIR}/PromisesObjC/FBLPromises.framework",
			);
			name = "[CP] Embed Pods Frameworks";
			outputPaths = (
				"${TARGET_BUILD_DIR}/${FRAMEWORKS_FOLDER_PATH}/AppAuth.framework",
				"${TARGET_BUILD_DIR}/${FRAMEWORKS_FOLDER_PATH}/AppCheckCore.framework",
				"${TARGET_BUILD_DIR}/${FRAMEWORKS_FOLDER_PATH}/GTMAppAuth.framework",
				"${TARGET_BUILD_DIR}/${FRAMEWORKS_FOLDER_PATH}/GTMSessionFetcher.framework",
				"${TARGET_BUILD_DIR}/${FRAMEWORKS_FOLDER_PATH}/GoogleSignIn.framework",
				"${TARGET_BUILD_DIR}/${FRAMEWORKS_FOLDER_PATH}/GoogleUtilities.framework",
				"${TARGET_BUILD_DIR}/${FRAMEWORKS_FOLDER_PATH}/FBLPromises.framework",
			);
			runOnlyForDeploymentPostprocessing = 0;
			shellPath = /bin/sh;
			shellScript = "\"${PODS_ROOT}/Target Support Files/Pods-SampleForPod/Pods-SampleForPod-frameworks.sh\"\n";
			showEnvVarsInLog = 0;
		};
/* End PBXShellScriptBuildPhase section */

/* Begin PBXSourcesBuildPhase section */
		D926A5191BC31FE000ADECE6 /* Sources */ = {
			isa = PBXSourcesBuildPhase;
			buildActionMask = 2147483647;
			files = (
				D926A5751BC3236100ADECE6 /* main.m in Sources */,
				D926A5731BC3236100ADECE6 /* DataPickerViewController.m in Sources */,
				D926A5721BC3236100ADECE6 /* DataPickerState.m in Sources */,
				D926A5711BC3236100ADECE6 /* AuthInspectorViewController.m in Sources */,
				D926A57D1BC3236100ADECE6 /* SignInViewController.m in Sources */,
				7314214E29E7348800D35433 /* Empty.swift in Sources */,
				D926A5701BC3236100ADECE6 /* AppDelegate.m in Sources */,
			);
			runOnlyForDeploymentPostprocessing = 0;
		};
/* End PBXSourcesBuildPhase section */

/* Begin PBXVariantGroup section */
		D926A5421BC3236100ADECE6 /* Dummy.strings */ = {
			isa = PBXVariantGroup;
			children = (
				D926A5431BC3236100ADECE6 /* ar */,
				D926A5441BC3236100ADECE6 /* ca */,
				D926A5451BC3236100ADECE6 /* cs */,
				D926A5461BC3236100ADECE6 /* da */,
				D926A5481BC3236100ADECE6 /* de */,
				D926A5491BC3236100ADECE6 /* el */,
				D926A54A1BC3236100ADECE6 /* en */,
				D926A54B1BC3236100ADECE6 /* en_GB */,
				D926A54C1BC3236100ADECE6 /* es */,
				D926A54D1BC3236100ADECE6 /* es_MX */,
				D926A54E1BC3236100ADECE6 /* fi */,
				D926A54F1BC3236100ADECE6 /* fr */,
				D926A5501BC3236100ADECE6 /* he */,
				D926A5511BC3236100ADECE6 /* hr */,
				D926A5521BC3236100ADECE6 /* hu */,
				D926A5531BC3236100ADECE6 /* id */,
				D926A5551BC3236100ADECE6 /* it */,
				D926A5561BC3236100ADECE6 /* ja */,
				D926A5571BC3236100ADECE6 /* ko */,
				D926A5581BC3236100ADECE6 /* ms */,
				D926A5591BC3236100ADECE6 /* nb */,
				D926A55A1BC3236100ADECE6 /* nl */,
				D926A55B1BC3236100ADECE6 /* pl */,
				D926A55D1BC3236100ADECE6 /* pt */,
				D926A55E1BC3236100ADECE6 /* pt_BR */,
				D926A55F1BC3236100ADECE6 /* pt_PT */,
				D926A5611BC3236100ADECE6 /* ro */,
				D926A5621BC3236100ADECE6 /* ru */,
				D926A5631BC3236100ADECE6 /* sk */,
				D926A5641BC3236100ADECE6 /* sv */,
				D926A5651BC3236100ADECE6 /* th */,
				D926A5661BC3236100ADECE6 /* tr */,
				D926A5671BC3236100ADECE6 /* uk */,
				D926A5681BC3236100ADECE6 /* vi */,
				D926A5691BC3236100ADECE6 /* zh_CN */,
				D926A56A1BC3236100ADECE6 /* zh_TW */,
			);
			name = Dummy.strings;
			sourceTree = "<group>";
		};
/* End PBXVariantGroup section */

/* Begin XCBuildConfiguration section */
		D926A5321BC31FE000ADECE6 /* Debug */ = {
			isa = XCBuildConfiguration;
			buildSettings = {
				ALWAYS_SEARCH_USER_PATHS = NO;
				CLANG_ANALYZER_LOCALIZABILITY_NONLOCALIZED = YES;
				CLANG_CXX_LANGUAGE_STANDARD = "gnu++0x";
				CLANG_CXX_LIBRARY = "libc++";
				CLANG_ENABLE_MODULES = YES;
				CLANG_ENABLE_OBJC_ARC = YES;
				CLANG_WARN_BLOCK_CAPTURE_AUTORELEASING = YES;
				CLANG_WARN_BOOL_CONVERSION = YES;
				CLANG_WARN_COMMA = YES;
				CLANG_WARN_CONSTANT_CONVERSION = YES;
				CLANG_WARN_DEPRECATED_OBJC_IMPLEMENTATIONS = YES;
				CLANG_WARN_DIRECT_OBJC_ISA_USAGE = YES_ERROR;
				CLANG_WARN_EMPTY_BODY = YES;
				CLANG_WARN_ENUM_CONVERSION = YES;
				CLANG_WARN_INFINITE_RECURSION = YES;
				CLANG_WARN_INT_CONVERSION = YES;
				CLANG_WARN_NON_LITERAL_NULL_CONVERSION = YES;
				CLANG_WARN_OBJC_IMPLICIT_RETAIN_SELF = YES;
				CLANG_WARN_OBJC_LITERAL_CONVERSION = YES;
				CLANG_WARN_OBJC_ROOT_CLASS = YES_ERROR;
				CLANG_WARN_QUOTED_INCLUDE_IN_FRAMEWORK_HEADER = YES;
				CLANG_WARN_RANGE_LOOP_ANALYSIS = YES;
				CLANG_WARN_STRICT_PROTOTYPES = YES;
				CLANG_WARN_SUSPICIOUS_MOVE = YES;
				CLANG_WARN_UNREACHABLE_CODE = YES;
				CLANG_WARN__DUPLICATE_METHOD_MATCH = YES;
				"CODE_SIGN_IDENTITY[sdk=iphoneos*]" = "iPhone Developer";
				COPY_PHASE_STRIP = NO;
				DEBUG_INFORMATION_FORMAT = dwarf;
				ENABLE_STRICT_OBJC_MSGSEND = YES;
				ENABLE_TESTABILITY = YES;
				GCC_C_LANGUAGE_STANDARD = gnu99;
				GCC_DYNAMIC_NO_PIC = NO;
				GCC_NO_COMMON_BLOCKS = YES;
				GCC_OPTIMIZATION_LEVEL = 0;
				GCC_PREPROCESSOR_DEFINITIONS = (
					"DEBUG=1",
					"$(inherited)",
				);
				GCC_WARN_64_TO_32_BIT_CONVERSION = YES;
				GCC_WARN_ABOUT_RETURN_TYPE = YES_ERROR;
				GCC_WARN_UNDECLARED_SELECTOR = YES;
				GCC_WARN_UNINITIALIZED_AUTOS = YES_AGGRESSIVE;
				GCC_WARN_UNUSED_FUNCTION = YES;
				GCC_WARN_UNUSED_VARIABLE = YES;
				IPHONEOS_DEPLOYMENT_TARGET = 10.0;
				MTL_ENABLE_DEBUG_INFO = YES;
				ONLY_ACTIVE_ARCH = YES;
				SDKROOT = iphoneos;
				TARGETED_DEVICE_FAMILY = "1,2";
			};
			name = Debug;
		};
		D926A5331BC31FE000ADECE6 /* Release */ = {
			isa = XCBuildConfiguration;
			buildSettings = {
				ALWAYS_SEARCH_USER_PATHS = NO;
				CLANG_ANALYZER_LOCALIZABILITY_NONLOCALIZED = YES;
				CLANG_CXX_LANGUAGE_STANDARD = "gnu++0x";
				CLANG_CXX_LIBRARY = "libc++";
				CLANG_ENABLE_MODULES = YES;
				CLANG_ENABLE_OBJC_ARC = YES;
				CLANG_WARN_BLOCK_CAPTURE_AUTORELEASING = YES;
				CLANG_WARN_BOOL_CONVERSION = YES;
				CLANG_WARN_COMMA = YES;
				CLANG_WARN_CONSTANT_CONVERSION = YES;
				CLANG_WARN_DEPRECATED_OBJC_IMPLEMENTATIONS = YES;
				CLANG_WARN_DIRECT_OBJC_ISA_USAGE = YES_ERROR;
				CLANG_WARN_EMPTY_BODY = YES;
				CLANG_WARN_ENUM_CONVERSION = YES;
				CLANG_WARN_INFINITE_RECURSION = YES;
				CLANG_WARN_INT_CONVERSION = YES;
				CLANG_WARN_NON_LITERAL_NULL_CONVERSION = YES;
				CLANG_WARN_OBJC_IMPLICIT_RETAIN_SELF = YES;
				CLANG_WARN_OBJC_LITERAL_CONVERSION = YES;
				CLANG_WARN_OBJC_ROOT_CLASS = YES_ERROR;
				CLANG_WARN_QUOTED_INCLUDE_IN_FRAMEWORK_HEADER = YES;
				CLANG_WARN_RANGE_LOOP_ANALYSIS = YES;
				CLANG_WARN_STRICT_PROTOTYPES = YES;
				CLANG_WARN_SUSPICIOUS_MOVE = YES;
				CLANG_WARN_UNREACHABLE_CODE = YES;
				CLANG_WARN__DUPLICATE_METHOD_MATCH = YES;
				"CODE_SIGN_IDENTITY[sdk=iphoneos*]" = "iPhone Developer";
				COPY_PHASE_STRIP = NO;
				DEBUG_INFORMATION_FORMAT = "dwarf-with-dsym";
				ENABLE_NS_ASSERTIONS = NO;
				ENABLE_STRICT_OBJC_MSGSEND = YES;
				GCC_C_LANGUAGE_STANDARD = gnu99;
				GCC_NO_COMMON_BLOCKS = YES;
				GCC_WARN_64_TO_32_BIT_CONVERSION = YES;
				GCC_WARN_ABOUT_RETURN_TYPE = YES_ERROR;
				GCC_WARN_UNDECLARED_SELECTOR = YES;
				GCC_WARN_UNINITIALIZED_AUTOS = YES_AGGRESSIVE;
				GCC_WARN_UNUSED_FUNCTION = YES;
				GCC_WARN_UNUSED_VARIABLE = YES;
				IPHONEOS_DEPLOYMENT_TARGET = 10.0;
				MTL_ENABLE_DEBUG_INFO = NO;
				SDKROOT = iphoneos;
				TARGETED_DEVICE_FAMILY = "1,2";
				VALIDATE_PRODUCT = YES;
			};
			name = Release;
		};
		D926A5351BC31FE000ADECE6 /* Debug */ = {
			isa = XCBuildConfiguration;
			baseConfigurationReference = FE1798D23522F57E24875676 /* Pods-SampleForPod.debug.xcconfig */;
			buildSettings = {
				ASSETCATALOG_COMPILER_APPICON_NAME = AppIcon;
				CLANG_ENABLE_MODULES = YES;
				DEVELOPMENT_TEAM = "";
				INFOPLIST_FILE = "$(SRCROOT)/SignInSample-Info.plist";
				IPHONEOS_DEPLOYMENT_TARGET = 11.0;
				LD_RUNPATH_SEARCH_PATHS = "$(inherited) @executable_path/Frameworks";
				PRODUCT_BUNDLE_IDENTIFIER = com.google.SignInSample;
				PRODUCT_NAME = SignInSample;
				SWIFT_OPTIMIZATION_LEVEL = "-Onone";
				SWIFT_VERSION = 5.0;
			};
			name = Debug;
		};
		D926A5361BC31FE000ADECE6 /* Release */ = {
			isa = XCBuildConfiguration;
			baseConfigurationReference = DAD21F7A41C90200270A7376 /* Pods-SampleForPod.release.xcconfig */;
			buildSettings = {
				ASSETCATALOG_COMPILER_APPICON_NAME = AppIcon;
				CLANG_ENABLE_MODULES = YES;
				DEVELOPMENT_TEAM = "";
				INFOPLIST_FILE = "$(SRCROOT)/SignInSample-Info.plist";
				IPHONEOS_DEPLOYMENT_TARGET = 11.0;
				LD_RUNPATH_SEARCH_PATHS = "$(inherited) @executable_path/Frameworks";
				PRODUCT_BUNDLE_IDENTIFIER = com.google.SignInSample;
				PRODUCT_NAME = SignInSample;
				SWIFT_VERSION = 5.0;
			};
			name = Release;
		};
/* End XCBuildConfiguration section */

/* Begin XCConfigurationList section */
		D926A5181BC31FE000ADECE6 /* Build configuration list for PBXProject "SignInSampleForPod" */ = {
			isa = XCConfigurationList;
			buildConfigurations = (
				D926A5321BC31FE000ADECE6 /* Debug */,
				D926A5331BC31FE000ADECE6 /* Release */,
			);
			defaultConfigurationIsVisible = 0;
			defaultConfigurationName = Release;
		};
		D926A5341BC31FE000ADECE6 /* Build configuration list for PBXNativeTarget "SampleForPod" */ = {
			isa = XCConfigurationList;
			buildConfigurations = (
				D926A5351BC31FE000ADECE6 /* Debug */,
				D926A5361BC31FE000ADECE6 /* Release */,
			);
			defaultConfigurationIsVisible = 0;
			defaultConfigurationName = Release;
		};
/* End XCConfigurationList section */
	};
	rootObject = D926A5151BC31FE000ADECE6 /* Project object */;
}
