// !$*UTF8*$!
{
	archiveVersion = 1;
	classes = {
	};
	objectVersion = 50;
	objects = {

/* Begin PBXBuildFile section */
		6D820AE53F1E83F8D828D207 /* libPods-DaysUntilBirthdayForPod.a in Frameworks */ = {isa = PBXBuildFile; fileRef = 9D224E5A98AD4723D3CDC222 /* libPods-DaysUntilBirthdayForPod.a */; };
		7345AD032703D9470020AFB1 /* DaysUntilBirthday.swift in Sources */ = {isa = PBXBuildFile; fileRef = 7345AD022703D9470020AFB1 /* DaysUntilBirthday.swift */; };
		7345AD052703D9470020AFB1 /* ContentView.swift in Sources */ = {isa = PBXBuildFile; fileRef = 7345AD042703D9470020AFB1 /* ContentView.swift */; };
		7345AD072703D9480020AFB1 /* Assets.xcassets in Resources */ = {isa = PBXBuildFile; fileRef = 7345AD062703D9480020AFB1 /* Assets.xcassets */; };
		7345AD0A2703D9480020AFB1 /* Preview Assets.xcassets in Resources */ = {isa = PBXBuildFile; fileRef = 7345AD092703D9480020AFB1 /* Preview Assets.xcassets */; };
		7345AD1B2703D9C30020AFB1 /* SignInView.swift in Sources */ = {isa = PBXBuildFile; fileRef = 7345AD112703D9C30020AFB1 /* SignInView.swift */; };
		7345AD1D2703D9C30020AFB1 /* GoogleSignInButtonWrapper.swift in Sources */ = {isa = PBXBuildFile; fileRef = 7345AD132703D9C30020AFB1 /* GoogleSignInButtonWrapper.swift */; };
		7345AD1E2703D9C30020AFB1 /* UserProfileImageView.swift in Sources */ = {isa = PBXBuildFile; fileRef = 7345AD142703D9C30020AFB1 /* UserProfileImageView.swift */; };
		7345AD202703D9C30020AFB1 /* AuthenticationViewModel.swift in Sources */ = {isa = PBXBuildFile; fileRef = 7345AD162703D9C30020AFB1 /* AuthenticationViewModel.swift */; };
		7345AD212703D9C30020AFB1 /* GoogleSignInAuthenticator.swift in Sources */ = {isa = PBXBuildFile; fileRef = 7345AD172703D9C30020AFB1 /* GoogleSignInAuthenticator.swift */; };
		7345AD232703D9C30020AFB1 /* UserProfileImageLoader.swift in Sources */ = {isa = PBXBuildFile; fileRef = 7345AD192703D9C30020AFB1 /* UserProfileImageLoader.swift */; };
		7345AD242703D9C30020AFB1 /* UserProfileView.swift in Sources */ = {isa = PBXBuildFile; fileRef = 7345AD1A2703D9C30020AFB1 /* UserProfileView.swift */; };
		736F49BA270E05E200580053 /* BirthdayLoader.swift in Sources */ = {isa = PBXBuildFile; fileRef = 736F49B9270E05E200580053 /* BirthdayLoader.swift */; };
		736F49BC270E102C00580053 /* BirthdayViewModel.swift in Sources */ = {isa = PBXBuildFile; fileRef = 736F49BB270E102C00580053 /* BirthdayViewModel.swift */; };
		739FCC46270E467600C92042 /* BirthdayView.swift in Sources */ = {isa = PBXBuildFile; fileRef = 739FCC45270E467600C92042 /* BirthdayView.swift */; };
		739FCC48270E659A00C92042 /* Birthday.swift in Sources */ = {isa = PBXBuildFile; fileRef = 739FCC47270E659A00C92042 /* Birthday.swift */; };
/* End PBXBuildFile section */

/* Begin PBXFileReference section */
		7345ACFF2703D9470020AFB1 /* DaysUntilBirthdayForPod.app */ = {isa = PBXFileReference; explicitFileType = wrapper.application; includeInIndex = 0; path = DaysUntilBirthdayForPod.app; sourceTree = BUILT_PRODUCTS_DIR; };
		7345AD022703D9470020AFB1 /* DaysUntilBirthday.swift */ = {isa = PBXFileReference; lastKnownFileType = sourcecode.swift; path = DaysUntilBirthday.swift; sourceTree = "<group>"; };
		7345AD042703D9470020AFB1 /* ContentView.swift */ = {isa = PBXFileReference; lastKnownFileType = sourcecode.swift; path = ContentView.swift; sourceTree = "<group>"; };
		7345AD062703D9480020AFB1 /* Assets.xcassets */ = {isa = PBXFileReference; lastKnownFileType = folder.assetcatalog; path = Assets.xcassets; sourceTree = "<group>"; };
		7345AD092703D9480020AFB1 /* Preview Assets.xcassets */ = {isa = PBXFileReference; lastKnownFileType = folder.assetcatalog; path = "Preview Assets.xcassets"; sourceTree = "<group>"; };
		7345AD0B2703D9480020AFB1 /* Info.plist */ = {isa = PBXFileReference; lastKnownFileType = text.plist.xml; path = Info.plist; sourceTree = "<group>"; };
		7345AD112703D9C30020AFB1 /* SignInView.swift */ = {isa = PBXFileReference; fileEncoding = 4; lastKnownFileType = sourcecode.swift; path = SignInView.swift; sourceTree = "<group>"; };
		7345AD132703D9C30020AFB1 /* GoogleSignInButtonWrapper.swift */ = {isa = PBXFileReference; fileEncoding = 4; lastKnownFileType = sourcecode.swift; path = GoogleSignInButtonWrapper.swift; sourceTree = "<group>"; };
		7345AD142703D9C30020AFB1 /* UserProfileImageView.swift */ = {isa = PBXFileReference; fileEncoding = 4; lastKnownFileType = sourcecode.swift; path = UserProfileImageView.swift; sourceTree = "<group>"; };
		7345AD162703D9C30020AFB1 /* AuthenticationViewModel.swift */ = {isa = PBXFileReference; fileEncoding = 4; lastKnownFileType = sourcecode.swift; path = AuthenticationViewModel.swift; sourceTree = "<group>"; };
		7345AD172703D9C30020AFB1 /* GoogleSignInAuthenticator.swift */ = {isa = PBXFileReference; fileEncoding = 4; lastKnownFileType = sourcecode.swift; path = GoogleSignInAuthenticator.swift; sourceTree = "<group>"; };
		7345AD192703D9C30020AFB1 /* UserProfileImageLoader.swift */ = {isa = PBXFileReference; fileEncoding = 4; lastKnownFileType = sourcecode.swift; path = UserProfileImageLoader.swift; sourceTree = "<group>"; };
		7345AD1A2703D9C30020AFB1 /* UserProfileView.swift */ = {isa = PBXFileReference; fileEncoding = 4; lastKnownFileType = sourcecode.swift; path = UserProfileView.swift; sourceTree = "<group>"; };
		736F49B9270E05E200580053 /* BirthdayLoader.swift */ = {isa = PBXFileReference; lastKnownFileType = sourcecode.swift; path = BirthdayLoader.swift; sourceTree = "<group>"; };
		736F49BB270E102C00580053 /* BirthdayViewModel.swift */ = {isa = PBXFileReference; lastKnownFileType = sourcecode.swift; path = BirthdayViewModel.swift; sourceTree = "<group>"; };
		739FCC45270E467600C92042 /* BirthdayView.swift */ = {isa = PBXFileReference; lastKnownFileType = sourcecode.swift; path = BirthdayView.swift; sourceTree = "<group>"; };
		739FCC47270E659A00C92042 /* Birthday.swift */ = {isa = PBXFileReference; lastKnownFileType = sourcecode.swift; path = Birthday.swift; sourceTree = "<group>"; };
		9D224E5A98AD4723D3CDC222 /* libPods-DaysUntilBirthdayForPod.a */ = {isa = PBXFileReference; explicitFileType = archive.ar; includeInIndex = 0; path = "libPods-DaysUntilBirthdayForPod.a"; sourceTree = BUILT_PRODUCTS_DIR; };
		CE1D65F7694C48ED17C48C7A /* Pods-DaysUntilBirthdayForPod.release.xcconfig */ = {isa = PBXFileReference; includeInIndex = 1; lastKnownFileType = text.xcconfig; name = "Pods-DaysUntilBirthdayForPod.release.xcconfig"; path = "Target Support Files/Pods-DaysUntilBirthdayForPod/Pods-DaysUntilBirthdayForPod.release.xcconfig"; sourceTree = "<group>"; };
		EEB3D2312581D01EAB21E02A /* Pods-DaysUntilBirthdayForPod.debug.xcconfig */ = {isa = PBXFileReference; includeInIndex = 1; lastKnownFileType = text.xcconfig; name = "Pods-DaysUntilBirthdayForPod.debug.xcconfig"; path = "Target Support Files/Pods-DaysUntilBirthdayForPod/Pods-DaysUntilBirthdayForPod.debug.xcconfig"; sourceTree = "<group>"; };
/* End PBXFileReference section */

/* Begin PBXFrameworksBuildPhase section */
		7345ACFC2703D9470020AFB1 /* Frameworks */ = {
			isa = PBXFrameworksBuildPhase;
			buildActionMask = 2147483647;
			files = (
				6D820AE53F1E83F8D828D207 /* libPods-DaysUntilBirthdayForPod.a in Frameworks */,
			);
			runOnlyForDeploymentPostprocessing = 0;
		};
/* End PBXFrameworksBuildPhase section */

/* Begin PBXGroup section */
		7345ACF62703D9470020AFB1 = {
			isa = PBXGroup;
			children = (
				7345AD012703D9470020AFB1 /* Sources */,
				7345AD002703D9470020AFB1 /* Products */,
				B8016955C403553EF7E5C086 /* Pods */,
				C3E2C8C89963A77B9020C2FF /* Frameworks */,
			);
			sourceTree = "<group>";
		};
		7345AD002703D9470020AFB1 /* Products */ = {
			isa = PBXGroup;
			children = (
				7345ACFF2703D9470020AFB1 /* DaysUntilBirthdayForPod.app */,
			);
			name = Products;
			sourceTree = "<group>";
		};
		7345AD012703D9470020AFB1 /* Sources */ = {
			isa = PBXGroup;
			children = (
				7345AD022703D9470020AFB1 /* DaysUntilBirthday.swift */,
				7345AD042703D9470020AFB1 /* ContentView.swift */,
				7345AD162703D9C30020AFB1 /* AuthenticationViewModel.swift */,
				736F49B9270E05E200580053 /* BirthdayLoader.swift */,
				736F49BB270E102C00580053 /* BirthdayViewModel.swift */,
				739FCC47270E659A00C92042 /* Birthday.swift */,
				739FCC45270E467600C92042 /* BirthdayView.swift */,
				7345AD172703D9C30020AFB1 /* GoogleSignInAuthenticator.swift */,
				7345AD132703D9C30020AFB1 /* GoogleSignInButtonWrapper.swift */,
				7345AD112703D9C30020AFB1 /* SignInView.swift */,
				7345AD192703D9C30020AFB1 /* UserProfileImageLoader.swift */,
				7345AD142703D9C30020AFB1 /* UserProfileImageView.swift */,
				7345AD1A2703D9C30020AFB1 /* UserProfileView.swift */,
				7345AD062703D9480020AFB1 /* Assets.xcassets */,
				7345AD0B2703D9480020AFB1 /* Info.plist */,
				7345AD082703D9480020AFB1 /* Preview Content */,
			);
			path = Sources;
			sourceTree = "<group>";
		};
		7345AD082703D9480020AFB1 /* Preview Content */ = {
			isa = PBXGroup;
			children = (
				7345AD092703D9480020AFB1 /* Preview Assets.xcassets */,
			);
			path = "Preview Content";
			sourceTree = "<group>";
		};
		B8016955C403553EF7E5C086 /* Pods */ = {
			isa = PBXGroup;
			children = (
				EEB3D2312581D01EAB21E02A /* Pods-DaysUntilBirthdayForPod.debug.xcconfig */,
				CE1D65F7694C48ED17C48C7A /* Pods-DaysUntilBirthdayForPod.release.xcconfig */,
			);
			name = Pods;
			path = Pods;
			sourceTree = "<group>";
		};
		C3E2C8C89963A77B9020C2FF /* Frameworks */ = {
			isa = PBXGroup;
			children = (
				9D224E5A98AD4723D3CDC222 /* libPods-DaysUntilBirthdayForPod.a */,
			);
			name = Frameworks;
			sourceTree = "<group>";
		};
/* End PBXGroup section */

/* Begin PBXNativeTarget section */
		7345ACFE2703D9470020AFB1 /* DaysUntilBirthdayForPod */ = {
			isa = PBXNativeTarget;
			buildConfigurationList = 7345AD0E2703D9480020AFB1 /* Build configuration list for PBXNativeTarget "DaysUntilBirthdayForPod" */;
			buildPhases = (
				5C126313BC6F0229B5B245F4 /* [CP] Check Pods Manifest.lock */,
				7345ACFB2703D9470020AFB1 /* Sources */,
				7345ACFC2703D9470020AFB1 /* Frameworks */,
				7345ACFD2703D9470020AFB1 /* Resources */,
				FCBC4E621013094E19A4D011 /* [CP] Copy Pods Resources */,
			);
			buildRules = (
			);
			dependencies = (
			);
			name = DaysUntilBirthdayForPod;
			productName = "GSI-Swift-Sample";
			productReference = 7345ACFF2703D9470020AFB1 /* DaysUntilBirthdayForPod.app */;
			productType = "com.apple.product-type.application";
		};
/* End PBXNativeTarget section */

/* Begin PBXProject section */
		7345ACF72703D9470020AFB1 /* Project object */ = {
			isa = PBXProject;
			attributes = {
				LastSwiftUpdateCheck = 1250;
				LastUpgradeCheck = 1250;
				TargetAttributes = {
					7345ACFE2703D9470020AFB1 = {
						CreatedOnToolsVersion = 12.5.1;
					};
				};
			};
			buildConfigurationList = 7345ACFA2703D9470020AFB1 /* Build configuration list for PBXProject "DaysUntilBirthdayForPod" */;
			compatibilityVersion = "Xcode 9.3";
			developmentRegion = en;
			hasScannedForEncodings = 0;
			knownRegions = (
				en,
				Base,
			);
			mainGroup = 7345ACF62703D9470020AFB1;
			productRefGroup = 7345AD002703D9470020AFB1 /* Products */;
			projectDirPath = "";
			projectRoot = "";
			targets = (
				7345ACFE2703D9470020AFB1 /* DaysUntilBirthdayForPod */,
			);
		};
/* End PBXProject section */

/* Begin PBXResourcesBuildPhase section */
		7345ACFD2703D9470020AFB1 /* Resources */ = {
			isa = PBXResourcesBuildPhase;
			buildActionMask = 2147483647;
			files = (
				7345AD0A2703D9480020AFB1 /* Preview Assets.xcassets in Resources */,
				7345AD072703D9480020AFB1 /* Assets.xcassets in Resources */,
			);
			runOnlyForDeploymentPostprocessing = 0;
		};
/* End PBXResourcesBuildPhase section */

/* Begin PBXShellScriptBuildPhase section */
		5C126313BC6F0229B5B245F4 /* [CP] Check Pods Manifest.lock */ = {
			isa = PBXShellScriptBuildPhase;
			buildActionMask = 2147483647;
			files = (
			);
			inputFileListPaths = (
			);
			inputPaths = (
				"${PODS_PODFILE_DIR_PATH}/Podfile.lock",
				"${PODS_ROOT}/Manifest.lock",
			);
			name = "[CP] Check Pods Manifest.lock";
			outputFileListPaths = (
			);
			outputPaths = (
				"$(DERIVED_FILE_DIR)/Pods-DaysUntilBirthdayForPod-checkManifestLockResult.txt",
			);
			runOnlyForDeploymentPostprocessing = 0;
			shellPath = /bin/sh;
			shellScript = "diff \"${PODS_PODFILE_DIR_PATH}/Podfile.lock\" \"${PODS_ROOT}/Manifest.lock\" > /dev/null\nif [ $? != 0 ] ; then\n    # print error to STDERR\n    echo \"error: The sandbox is not in sync with the Podfile.lock. Run 'pod install' or update your CocoaPods installation.\" >&2\n    exit 1\nfi\n# This output is used by Xcode 'outputs' to avoid re-running this script phase.\necho \"SUCCESS\" > \"${SCRIPT_OUTPUT_FILE_0}\"\n";
			showEnvVarsInLog = 0;
		};
		FCBC4E621013094E19A4D011 /* [CP] Copy Pods Resources */ = {
			isa = PBXShellScriptBuildPhase;
			buildActionMask = 2147483647;
			files = (
			);
			inputFileListPaths = (
				"${PODS_ROOT}/Target Support Files/Pods-DaysUntilBirthdayForPod/Pods-DaysUntilBirthdayForPod-resources-${CONFIGURATION}-input-files.xcfilelist",
			);
			name = "[CP] Copy Pods Resources";
			outputFileListPaths = (
				"${PODS_ROOT}/Target Support Files/Pods-DaysUntilBirthdayForPod/Pods-DaysUntilBirthdayForPod-resources-${CONFIGURATION}-output-files.xcfilelist",
			);
			runOnlyForDeploymentPostprocessing = 0;
			shellPath = /bin/sh;
			shellScript = "\"${PODS_ROOT}/Target Support Files/Pods-DaysUntilBirthdayForPod/Pods-DaysUntilBirthdayForPod-resources.sh\"\n";
			showEnvVarsInLog = 0;
		};
/* End PBXShellScriptBuildPhase section */

/* Begin PBXSourcesBuildPhase section */
		7345ACFB2703D9470020AFB1 /* Sources */ = {
			isa = PBXSourcesBuildPhase;
			buildActionMask = 2147483647;
			files = (
				739FCC48270E659A00C92042 /* Birthday.swift in Sources */,
				739FCC46270E467600C92042 /* BirthdayView.swift in Sources */,
				7345AD1B2703D9C30020AFB1 /* SignInView.swift in Sources */,
				7345AD212703D9C30020AFB1 /* GoogleSignInAuthenticator.swift in Sources */,
				7345AD232703D9C30020AFB1 /* UserProfileImageLoader.swift in Sources */,
				7345AD1E2703D9C30020AFB1 /* UserProfileImageView.swift in Sources */,
				736F49BC270E102C00580053 /* BirthdayViewModel.swift in Sources */,
				736F49BA270E05E200580053 /* BirthdayLoader.swift in Sources */,
				7345AD242703D9C30020AFB1 /* UserProfileView.swift in Sources */,
				7345AD202703D9C30020AFB1 /* AuthenticationViewModel.swift in Sources */,
				7345AD052703D9470020AFB1 /* ContentView.swift in Sources */,
				7345AD1D2703D9C30020AFB1 /* GoogleSignInButtonWrapper.swift in Sources */,
				7345AD032703D9470020AFB1 /* DaysUntilBirthday.swift in Sources */,
			);
			runOnlyForDeploymentPostprocessing = 0;
		};
/* End PBXSourcesBuildPhase section */

/* Begin XCBuildConfiguration section */
		7345AD0C2703D9480020AFB1 /* Debug */ = {
			isa = XCBuildConfiguration;
			buildSettings = {
				ALWAYS_SEARCH_USER_PATHS = NO;
				CLANG_ANALYZER_NONNULL = YES;
				CLANG_ANALYZER_NUMBER_OBJECT_CONVERSION = YES_AGGRESSIVE;
				CLANG_CXX_LANGUAGE_STANDARD = "gnu++14";
				CLANG_CXX_LIBRARY = "libc++";
				CLANG_ENABLE_MODULES = YES;
				CLANG_ENABLE_OBJC_ARC = YES;
				CLANG_ENABLE_OBJC_WEAK = YES;
				CLANG_WARN_BLOCK_CAPTURE_AUTORELEASING = YES;
				CLANG_WARN_BOOL_CONVERSION = YES;
				CLANG_WARN_COMMA = YES;
				CLANG_WARN_CONSTANT_CONVERSION = YES;
				CLANG_WARN_DEPRECATED_OBJC_IMPLEMENTATIONS = YES;
				CLANG_WARN_DIRECT_OBJC_ISA_USAGE = YES_ERROR;
				CLANG_WARN_DOCUMENTATION_COMMENTS = YES;
				CLANG_WARN_EMPTY_BODY = YES;
				CLANG_WARN_ENUM_CONVERSION = YES;
				CLANG_WARN_INFINITE_RECURSION = YES;
				CLANG_WARN_INT_CONVERSION = YES;
				CLANG_WARN_NON_LITERAL_NULL_CONVERSION = YES;
				CLANG_WARN_OBJC_IMPLICIT_RETAIN_SELF = YES;
				CLANG_WARN_OBJC_LITERAL_CONVERSION = YES;
				CLANG_WARN_OBJC_ROOT_CLASS = YES_ERROR;
				CLANG_WARN_QUOTED_INCLUDE_IN_FRAMEWORK_HEADER = YES;
				CLANG_WARN_RANGE_LOOP_ANALYSIS = YES;
				CLANG_WARN_STRICT_PROTOTYPES = YES;
				CLANG_WARN_SUSPICIOUS_MOVE = YES;
				CLANG_WARN_UNGUARDED_AVAILABILITY = YES_AGGRESSIVE;
				CLANG_WARN_UNREACHABLE_CODE = YES;
				CLANG_WARN__DUPLICATE_METHOD_MATCH = YES;
				COPY_PHASE_STRIP = NO;
				DEBUG_INFORMATION_FORMAT = dwarf;
				ENABLE_STRICT_OBJC_MSGSEND = YES;
				ENABLE_TESTABILITY = YES;
				GCC_C_LANGUAGE_STANDARD = gnu11;
				GCC_DYNAMIC_NO_PIC = NO;
				GCC_NO_COMMON_BLOCKS = YES;
				GCC_OPTIMIZATION_LEVEL = 0;
				GCC_PREPROCESSOR_DEFINITIONS = (
					"DEBUG=1",
					"$(inherited)",
				);
				GCC_WARN_64_TO_32_BIT_CONVERSION = YES;
				GCC_WARN_ABOUT_RETURN_TYPE = YES_ERROR;
				GCC_WARN_UNDECLARED_SELECTOR = YES;
				GCC_WARN_UNINITIALIZED_AUTOS = YES_AGGRESSIVE;
				GCC_WARN_UNUSED_FUNCTION = YES;
				GCC_WARN_UNUSED_VARIABLE = YES;
				IPHONEOS_DEPLOYMENT_TARGET = 14.5;
				MTL_ENABLE_DEBUG_INFO = INCLUDE_SOURCE;
				MTL_FAST_MATH = YES;
				ONLY_ACTIVE_ARCH = YES;
				SDKROOT = iphoneos;
				SWIFT_ACTIVE_COMPILATION_CONDITIONS = DEBUG;
				SWIFT_OPTIMIZATION_LEVEL = "-Onone";
			};
			name = Debug;
		};
		7345AD0D2703D9480020AFB1 /* Release */ = {
			isa = XCBuildConfiguration;
			buildSettings = {
				ALWAYS_SEARCH_USER_PATHS = NO;
				CLANG_ANALYZER_NONNULL = YES;
				CLANG_ANALYZER_NUMBER_OBJECT_CONVERSION = YES_AGGRESSIVE;
				CLANG_CXX_LANGUAGE_STANDARD = "gnu++14";
				CLANG_CXX_LIBRARY = "libc++";
				CLANG_ENABLE_MODULES = YES;
				CLANG_ENABLE_OBJC_ARC = YES;
				CLANG_ENABLE_OBJC_WEAK = YES;
				CLANG_WARN_BLOCK_CAPTURE_AUTORELEASING = YES;
				CLANG_WARN_BOOL_CONVERSION = YES;
				CLANG_WARN_COMMA = YES;
				CLANG_WARN_CONSTANT_CONVERSION = YES;
				CLANG_WARN_DEPRECATED_OBJC_IMPLEMENTATIONS = YES;
				CLANG_WARN_DIRECT_OBJC_ISA_USAGE = YES_ERROR;
				CLANG_WARN_DOCUMENTATION_COMMENTS = YES;
				CLANG_WARN_EMPTY_BODY = YES;
				CLANG_WARN_ENUM_CONVERSION = YES;
				CLANG_WARN_INFINITE_RECURSION = YES;
				CLANG_WARN_INT_CONVERSION = YES;
				CLANG_WARN_NON_LITERAL_NULL_CONVERSION = YES;
				CLANG_WARN_OBJC_IMPLICIT_RETAIN_SELF = YES;
				CLANG_WARN_OBJC_LITERAL_CONVERSION = YES;
				CLANG_WARN_OBJC_ROOT_CLASS = YES_ERROR;
				CLANG_WARN_QUOTED_INCLUDE_IN_FRAMEWORK_HEADER = YES;
				CLANG_WARN_RANGE_LOOP_ANALYSIS = YES;
				CLANG_WARN_STRICT_PROTOTYPES = YES;
				CLANG_WARN_SUSPICIOUS_MOVE = YES;
				CLANG_WARN_UNGUARDED_AVAILABILITY = YES_AGGRESSIVE;
				CLANG_WARN_UNREACHABLE_CODE = YES;
				CLANG_WARN__DUPLICATE_METHOD_MATCH = YES;
				COPY_PHASE_STRIP = NO;
				DEBUG_INFORMATION_FORMAT = "dwarf-with-dsym";
				ENABLE_NS_ASSERTIONS = NO;
				ENABLE_STRICT_OBJC_MSGSEND = YES;
				GCC_C_LANGUAGE_STANDARD = gnu11;
				GCC_NO_COMMON_BLOCKS = YES;
				GCC_WARN_64_TO_32_BIT_CONVERSION = YES;
				GCC_WARN_ABOUT_RETURN_TYPE = YES_ERROR;
				GCC_WARN_UNDECLARED_SELECTOR = YES;
				GCC_WARN_UNINITIALIZED_AUTOS = YES_AGGRESSIVE;
				GCC_WARN_UNUSED_FUNCTION = YES;
				GCC_WARN_UNUSED_VARIABLE = YES;
				IPHONEOS_DEPLOYMENT_TARGET = 14.5;
				MTL_ENABLE_DEBUG_INFO = NO;
				MTL_FAST_MATH = YES;
				SDKROOT = iphoneos;
				SWIFT_COMPILATION_MODE = wholemodule;
				SWIFT_OPTIMIZATION_LEVEL = "-O";
				VALIDATE_PRODUCT = YES;
			};
			name = Release;
		};
		7345AD0F2703D9480020AFB1 /* Debug */ = {
			isa = XCBuildConfiguration;
			baseConfigurationReference = EEB3D2312581D01EAB21E02A /* Pods-DaysUntilBirthdayForPod.debug.xcconfig */;
			buildSettings = {
				ASSETCATALOG_COMPILER_APPICON_NAME = AppIcon;
				ASSETCATALOG_COMPILER_GLOBAL_ACCENT_COLOR_NAME = AccentColor;
				CODE_SIGN_STYLE = Automatic;
				DEVELOPMENT_ASSET_PATHS = "\"Sources/Preview Content\"";
				ENABLE_PREVIEWS = YES;
				INFOPLIST_FILE = Sources/Info.plist;
				IPHONEOS_DEPLOYMENT_TARGET = 14.0;
				LD_RUNPATH_SEARCH_PATHS = (
					"$(inherited)",
					"@executable_path/Frameworks",
				);
				PRODUCT_BUNDLE_IDENTIFIER = com.google.DaysUntilBirthdayForPod;
				PRODUCT_NAME = "$(TARGET_NAME)";
				SWIFT_VERSION = 5.0;
				TARGETED_DEVICE_FAMILY = "1,2";
			};
			name = Debug;
		};
		7345AD102703D9480020AFB1 /* Release */ = {
			isa = XCBuildConfiguration;
			baseConfigurationReference = CE1D65F7694C48ED17C48C7A /* Pods-DaysUntilBirthdayForPod.release.xcconfig */;
			buildSettings = {
				ASSETCATALOG_COMPILER_APPICON_NAME = AppIcon;
				ASSETCATALOG_COMPILER_GLOBAL_ACCENT_COLOR_NAME = AccentColor;
				CODE_SIGN_STYLE = Automatic;
				DEVELOPMENT_ASSET_PATHS = "\"Sources/Preview Content\"";
				ENABLE_PREVIEWS = YES;
				INFOPLIST_FILE = Sources/Info.plist;
				IPHONEOS_DEPLOYMENT_TARGET = 14.0;
				LD_RUNPATH_SEARCH_PATHS = (
					"$(inherited)",
					"@executable_path/Frameworks",
				);
				PRODUCT_BUNDLE_IDENTIFIER = com.google.DaysUntilBirthdayForPod;
				PRODUCT_NAME = "$(TARGET_NAME)";
				SWIFT_VERSION = 5.0;
				TARGETED_DEVICE_FAMILY = "1,2";
			};
			name = Release;
		};
/* End XCBuildConfiguration section */

/* Begin XCConfigurationList section */
		7345ACFA2703D9470020AFB1 /* Build configuration list for PBXProject "DaysUntilBirthdayForPod" */ = {
			isa = XCConfigurationList;
			buildConfigurations = (
				7345AD0C2703D9480020AFB1 /* Debug */,
				7345AD0D2703D9480020AFB1 /* Release */,
			);
			defaultConfigurationIsVisible = 0;
			defaultConfigurationName = Release;
		};
		7345AD0E2703D9480020AFB1 /* Build configuration list for PBXNativeTarget "DaysUntilBirthdayForPod" */ = {
			isa = XCConfigurationList;
			buildConfigurations = (
				7345AD0F2703D9480020AFB1 /* Debug */,
				7345AD102703D9480020AFB1 /* Release */,
			);
			defaultConfigurationIsVisible = 0;
			defaultConfigurationName = Release;
		};
/* End XCConfigurationList section */
	};
	rootObject = 7345ACF72703D9470020AFB1 /* Project object */;
}
