// !$*UTF8*$!
{
	archiveVersion = 1;
	classes = {
	};
	objectVersion = 51;
	objects = {

/* Begin PBXBuildFile section */
		4C6A2BA2321434ACBD2AF201 /* Pods_DaysUntilBirthdayForPod__macOS_.framework in Frameworks */ = {isa = PBXBuildFile; fileRef = 926A15D393D684C68E09FB0F /* Pods_DaysUntilBirthdayForPod__macOS_.framework */; };
		7345AD032703D9470020AFB1 /* DaysUntilBirthday.swift in Sources */ = {isa = PBXBuildFile; fileRef = 7345AD022703D9470020AFB1 /* DaysUntilBirthday.swift */; };
		7345AD052703D9470020AFB1 /* ContentView.swift in Sources */ = {isa = PBXBuildFile; fileRef = 7345AD042703D9470020AFB1 /* ContentView.swift */; };
		7345AD072703D9480020AFB1 /* Assets.xcassets in Resources */ = {isa = PBXBuildFile; fileRef = 7345AD062703D9480020AFB1 /* Assets.xcassets */; };
		7345AD0A2703D9480020AFB1 /* Preview Assets.xcassets in Resources */ = {isa = PBXBuildFile; fileRef = 7345AD092703D9480020AFB1 /* Preview Assets.xcassets */; };
		7345AD1B2703D9C30020AFB1 /* SignInView.swift in Sources */ = {isa = PBXBuildFile; fileRef = 7345AD112703D9C30020AFB1 /* SignInView.swift */; };
		7345AD1E2703D9C30020AFB1 /* UserProfileImageView.swift in Sources */ = {isa = PBXBuildFile; fileRef = 7345AD142703D9C30020AFB1 /* UserProfileImageView.swift */; };
		7345AD202703D9C30020AFB1 /* AuthenticationViewModel.swift in Sources */ = {isa = PBXBuildFile; fileRef = 7345AD162703D9C30020AFB1 /* AuthenticationViewModel.swift */; };
		7345AD212703D9C30020AFB1 /* GoogleSignInAuthenticator.swift in Sources */ = {isa = PBXBuildFile; fileRef = 7345AD172703D9C30020AFB1 /* GoogleSignInAuthenticator.swift */; };
		7345AD232703D9C30020AFB1 /* UserProfileImageLoader.swift in Sources */ = {isa = PBXBuildFile; fileRef = 7345AD192703D9C30020AFB1 /* UserProfileImageLoader.swift */; };
		7345AD242703D9C30020AFB1 /* UserProfileView.swift in Sources */ = {isa = PBXBuildFile; fileRef = 7345AD1A2703D9C30020AFB1 /* UserProfileView.swift */; };
		736F49BA270E05E200580053 /* BirthdayLoader.swift in Sources */ = {isa = PBXBuildFile; fileRef = 736F49B9270E05E200580053 /* BirthdayLoader.swift */; };
		736F49BC270E102C00580053 /* BirthdayViewModel.swift in Sources */ = {isa = PBXBuildFile; fileRef = 736F49BB270E102C00580053 /* BirthdayViewModel.swift */; };
		739FCC46270E467600C92042 /* BirthdayView.swift in Sources */ = {isa = PBXBuildFile; fileRef = 739FCC45270E467600C92042 /* BirthdayView.swift */; };
		739FCC48270E659A00C92042 /* Birthday.swift in Sources */ = {isa = PBXBuildFile; fileRef = 739FCC47270E659A00C92042 /* Birthday.swift */; };
		73DB41892805FBA90028B8D3 /* DaysUntilBirthday.swift in Sources */ = {isa = PBXBuildFile; fileRef = 7345AD022703D9470020AFB1 /* DaysUntilBirthday.swift */; };
		73DB418A2805FBC00028B8D3 /* GoogleSignInAuthenticator.swift in Sources */ = {isa = PBXBuildFile; fileRef = 7345AD172703D9C30020AFB1 /* GoogleSignInAuthenticator.swift */; };
		73DB418B2805FBC40028B8D3 /* BirthdayLoader.swift in Sources */ = {isa = PBXBuildFile; fileRef = 736F49B9270E05E200580053 /* BirthdayLoader.swift */; };
		73DB418C2805FBC80028B8D3 /* UserProfileImageLoader.swift in Sources */ = {isa = PBXBuildFile; fileRef = 7345AD192703D9C30020AFB1 /* UserProfileImageLoader.swift */; };
		73DB418D2805FBD00028B8D3 /* AuthenticationViewModel.swift in Sources */ = {isa = PBXBuildFile; fileRef = 7345AD162703D9C30020AFB1 /* AuthenticationViewModel.swift */; };
		73DB418E2805FBD40028B8D3 /* BirthdayViewModel.swift in Sources */ = {isa = PBXBuildFile; fileRef = 736F49BB270E102C00580053 /* BirthdayViewModel.swift */; };
		73DB418F2805FBF50028B8D3 /* ContentView.swift in Sources */ = {isa = PBXBuildFile; fileRef = 7345AD042703D9470020AFB1 /* ContentView.swift */; };
		73DB41902805FBF90028B8D3 /* BirthdayView.swift in Sources */ = {isa = PBXBuildFile; fileRef = 739FCC45270E467600C92042 /* BirthdayView.swift */; };
		73DB41912805FBFD0028B8D3 /* SignInView.swift in Sources */ = {isa = PBXBuildFile; fileRef = 7345AD112703D9C30020AFB1 /* SignInView.swift */; };
		73DB41922805FC010028B8D3 /* UserProfileImageView.swift in Sources */ = {isa = PBXBuildFile; fileRef = 7345AD142703D9C30020AFB1 /* UserProfileImageView.swift */; };
		73DB41932805FC3B0028B8D3 /* UserProfileView.swift in Sources */ = {isa = PBXBuildFile; fileRef = FE7173A527F5110F00910319 /* UserProfileView.swift */; };
		73DB41952805FC5F0028B8D3 /* Birthday.swift in Sources */ = {isa = PBXBuildFile; fileRef = 739FCC47270E659A00C92042 /* Birthday.swift */; };
		73DB419628060A9A0028B8D3 /* Assets.xcassets in Resources */ = {isa = PBXBuildFile; fileRef = 7345AD062703D9480020AFB1 /* Assets.xcassets */; };
		C1B5D38D282AFE870068D12B /* README.md in Resources */ = {isa = PBXBuildFile; fileRef = C1B5D38C282AFE870068D12B /* README.md */; };
		EEEEE201864437604E97D3B4 /* Pods_DaysUntilBirthdayForPod__iOS_.framework in Frameworks */ = {isa = PBXBuildFile; fileRef = F329EC9CE4A0A4AF2280834F /* Pods_DaysUntilBirthdayForPod__iOS_.framework */; };
/* End PBXBuildFile section */

/* Begin PBXFileReference section */
		0E95D3C3CE4B0FA47CC9B1B6 /* Pods-DaysUntilBirthdayForPod(iOS).release.xcconfig */ = {isa = PBXFileReference; includeInIndex = 1; lastKnownFileType = text.xcconfig; name = "Pods-DaysUntilBirthdayForPod(iOS).release.xcconfig"; path = "Target Support Files/Pods-DaysUntilBirthdayForPod(iOS)/Pods-DaysUntilBirthdayForPod(iOS).release.xcconfig"; sourceTree = "<group>"; };
		18F5B51876E23EE864C3A489 /* Pods-DaysUntilBirthdayForPod (iOS).debug.xcconfig */ = {isa = PBXFileReference; includeInIndex = 1; lastKnownFileType = text.xcconfig; name = "Pods-DaysUntilBirthdayForPod (iOS).debug.xcconfig"; path = "Target Support Files/Pods-DaysUntilBirthdayForPod (iOS)/Pods-DaysUntilBirthdayForPod (iOS).debug.xcconfig"; sourceTree = "<group>"; };
		1A129363EBB5DF1F41FAAB14 /* Pods-DaysUntilBirthdayForPod(macOS).release.xcconfig */ = {isa = PBXFileReference; includeInIndex = 1; lastKnownFileType = text.xcconfig; name = "Pods-DaysUntilBirthdayForPod(macOS).release.xcconfig"; path = "Target Support Files/Pods-DaysUntilBirthdayForPod(macOS)/Pods-DaysUntilBirthdayForPod(macOS).release.xcconfig"; sourceTree = "<group>"; };
		29BEB027A694593FA0450863 /* Pods-DaysUntilBirthdayForPod(iOS).debug.xcconfig */ = {isa = PBXFileReference; includeInIndex = 1; lastKnownFileType = text.xcconfig; name = "Pods-DaysUntilBirthdayForPod(iOS).debug.xcconfig"; path = "Target Support Files/Pods-DaysUntilBirthdayForPod(iOS)/Pods-DaysUntilBirthdayForPod(iOS).debug.xcconfig"; sourceTree = "<group>"; };
		5CF615341A61D92D89389D44 /* Pods-DaysUntilBirthdayForPod (macOS).release.xcconfig */ = {isa = PBXFileReference; includeInIndex = 1; lastKnownFileType = text.xcconfig; name = "Pods-DaysUntilBirthdayForPod (macOS).release.xcconfig"; path = "Target Support Files/Pods-DaysUntilBirthdayForPod (macOS)/Pods-DaysUntilBirthdayForPod (macOS).release.xcconfig"; sourceTree = "<group>"; };
		7345ACFF2703D9470020AFB1 /* DaysUntilBirthdayForPod (iOS).app */ = {isa = PBXFileReference; explicitFileType = wrapper.application; includeInIndex = 0; path = "DaysUntilBirthdayForPod (iOS).app"; sourceTree = BUILT_PRODUCTS_DIR; };
		7345AD022703D9470020AFB1 /* DaysUntilBirthday.swift */ = {isa = PBXFileReference; lastKnownFileType = sourcecode.swift; path = DaysUntilBirthday.swift; sourceTree = "<group>"; };
		7345AD042703D9470020AFB1 /* ContentView.swift */ = {isa = PBXFileReference; lastKnownFileType = sourcecode.swift; path = ContentView.swift; sourceTree = "<group>"; };
		7345AD062703D9480020AFB1 /* Assets.xcassets */ = {isa = PBXFileReference; lastKnownFileType = folder.assetcatalog; path = Assets.xcassets; sourceTree = "<group>"; };
		7345AD092703D9480020AFB1 /* Preview Assets.xcassets */ = {isa = PBXFileReference; lastKnownFileType = folder.assetcatalog; path = "Preview Assets.xcassets"; sourceTree = "<group>"; };
		7345AD0B2703D9480020AFB1 /* Info.plist */ = {isa = PBXFileReference; lastKnownFileType = text.plist.xml; path = Info.plist; sourceTree = "<group>"; };
		7345AD112703D9C30020AFB1 /* SignInView.swift */ = {isa = PBXFileReference; fileEncoding = 4; lastKnownFileType = sourcecode.swift; path = SignInView.swift; sourceTree = "<group>"; };
		7345AD142703D9C30020AFB1 /* UserProfileImageView.swift */ = {isa = PBXFileReference; fileEncoding = 4; lastKnownFileType = sourcecode.swift; path = UserProfileImageView.swift; sourceTree = "<group>"; };
		7345AD162703D9C30020AFB1 /* AuthenticationViewModel.swift */ = {isa = PBXFileReference; fileEncoding = 4; lastKnownFileType = sourcecode.swift; path = AuthenticationViewModel.swift; sourceTree = "<group>"; };
		7345AD172703D9C30020AFB1 /* GoogleSignInAuthenticator.swift */ = {isa = PBXFileReference; fileEncoding = 4; lastKnownFileType = sourcecode.swift; path = GoogleSignInAuthenticator.swift; sourceTree = "<group>"; };
		7345AD192703D9C30020AFB1 /* UserProfileImageLoader.swift */ = {isa = PBXFileReference; fileEncoding = 4; lastKnownFileType = sourcecode.swift; path = UserProfileImageLoader.swift; sourceTree = "<group>"; };
		7345AD1A2703D9C30020AFB1 /* UserProfileView.swift */ = {isa = PBXFileReference; fileEncoding = 4; lastKnownFileType = sourcecode.swift; path = UserProfileView.swift; sourceTree = "<group>"; };
		736F49B9270E05E200580053 /* BirthdayLoader.swift */ = {isa = PBXFileReference; lastKnownFileType = sourcecode.swift; path = BirthdayLoader.swift; sourceTree = "<group>"; };
		736F49BB270E102C00580053 /* BirthdayViewModel.swift */ = {isa = PBXFileReference; lastKnownFileType = sourcecode.swift; path = BirthdayViewModel.swift; sourceTree = "<group>"; };
		739FCC45270E467600C92042 /* BirthdayView.swift */ = {isa = PBXFileReference; lastKnownFileType = sourcecode.swift; path = BirthdayView.swift; sourceTree = "<group>"; };
		739FCC47270E659A00C92042 /* Birthday.swift */ = {isa = PBXFileReference; lastKnownFileType = sourcecode.swift; path = Birthday.swift; sourceTree = "<group>"; };
		7542DB53C46DFA9B71387188 /* Pods-DaysUntilBirthdayForPod (iOS).release.xcconfig */ = {isa = PBXFileReference; includeInIndex = 1; lastKnownFileType = text.xcconfig; name = "Pods-DaysUntilBirthdayForPod (iOS).release.xcconfig"; path = "Target Support Files/Pods-DaysUntilBirthdayForPod (iOS)/Pods-DaysUntilBirthdayForPod (iOS).release.xcconfig"; sourceTree = "<group>"; };
		926A15D393D684C68E09FB0F /* Pods_DaysUntilBirthdayForPod__macOS_.framework */ = {isa = PBXFileReference; explicitFileType = wrapper.framework; includeInIndex = 0; path = Pods_DaysUntilBirthdayForPod__macOS_.framework; sourceTree = BUILT_PRODUCTS_DIR; };
		B7CC09BA1B68EB1881A08E87 /* Pods-DaysUntilBirthdayForPod(macOS).debug.xcconfig */ = {isa = PBXFileReference; includeInIndex = 1; lastKnownFileType = text.xcconfig; name = "Pods-DaysUntilBirthdayForPod(macOS).debug.xcconfig"; path = "Target Support Files/Pods-DaysUntilBirthdayForPod(macOS)/Pods-DaysUntilBirthdayForPod(macOS).debug.xcconfig"; sourceTree = "<group>"; };
		C1B5D38C282AFE870068D12B /* README.md */ = {isa = PBXFileReference; fileEncoding = 4; lastKnownFileType = net.daringfireball.markdown; path = README.md; sourceTree = "<group>"; };
		F329EC9CE4A0A4AF2280834F /* Pods_DaysUntilBirthdayForPod__iOS_.framework */ = {isa = PBXFileReference; explicitFileType = wrapper.framework; includeInIndex = 0; path = Pods_DaysUntilBirthdayForPod__iOS_.framework; sourceTree = BUILT_PRODUCTS_DIR; };
		F84E43064819F374C9789E49 /* Pods-DaysUntilBirthdayForPod (macOS).debug.xcconfig */ = {isa = PBXFileReference; includeInIndex = 1; lastKnownFileType = text.xcconfig; name = "Pods-DaysUntilBirthdayForPod (macOS).debug.xcconfig"; path = "Target Support Files/Pods-DaysUntilBirthdayForPod (macOS)/Pods-DaysUntilBirthdayForPod (macOS).debug.xcconfig"; sourceTree = "<group>"; };
		FE2F2ABC2800D9C1005EA17F /* Info.plist */ = {isa = PBXFileReference; fileEncoding = 4; lastKnownFileType = text.plist.xml; path = Info.plist; sourceTree = "<group>"; };
		FE71738027ECFAF400910319 /* DaysUntilBirthdayForPod (macOS).app */ = {isa = PBXFileReference; explicitFileType = wrapper.application; includeInIndex = 0; path = "DaysUntilBirthdayForPod (macOS).app"; sourceTree = BUILT_PRODUCTS_DIR; };
		FE71738927ECFAF600910319 /* Preview Assets.xcassets */ = {isa = PBXFileReference; lastKnownFileType = folder.assetcatalog; path = "Preview Assets.xcassets"; sourceTree = "<group>"; };
		FE71738B27ECFAF600910319 /* DaysUntilBirthdayOnMac.entitlements */ = {isa = PBXFileReference; lastKnownFileType = text.plist.entitlements; path = DaysUntilBirthdayOnMac.entitlements; sourceTree = "<group>"; };
		FE7173A527F5110F00910319 /* UserProfileView.swift */ = {isa = PBXFileReference; lastKnownFileType = sourcecode.swift; path = UserProfileView.swift; sourceTree = "<group>"; };
/* End PBXFileReference section */

/* Begin PBXFrameworksBuildPhase section */
		7345ACFC2703D9470020AFB1 /* Frameworks */ = {
			isa = PBXFrameworksBuildPhase;
			buildActionMask = 2147483647;
			files = (
				EEEEE201864437604E97D3B4 /* Pods_DaysUntilBirthdayForPod__iOS_.framework in Frameworks */,
			);
			runOnlyForDeploymentPostprocessing = 0;
		};
		FE71737D27ECFAF400910319 /* Frameworks */ = {
			isa = PBXFrameworksBuildPhase;
			buildActionMask = 2147483647;
			files = (
				4C6A2BA2321434ACBD2AF201 /* Pods_DaysUntilBirthdayForPod__macOS_.framework in Frameworks */,
			);
			runOnlyForDeploymentPostprocessing = 0;
		};
/* End PBXFrameworksBuildPhase section */

/* Begin PBXGroup section */
		1595AE063BAE425413C82340 /* Pods */ = {
			isa = PBXGroup;
			children = (
				29BEB027A694593FA0450863 /* Pods-DaysUntilBirthdayForPod(iOS).debug.xcconfig */,
				0E95D3C3CE4B0FA47CC9B1B6 /* Pods-DaysUntilBirthdayForPod(iOS).release.xcconfig */,
				B7CC09BA1B68EB1881A08E87 /* Pods-DaysUntilBirthdayForPod(macOS).debug.xcconfig */,
				1A129363EBB5DF1F41FAAB14 /* Pods-DaysUntilBirthdayForPod(macOS).release.xcconfig */,
				18F5B51876E23EE864C3A489 /* Pods-DaysUntilBirthdayForPod (iOS).debug.xcconfig */,
				7542DB53C46DFA9B71387188 /* Pods-DaysUntilBirthdayForPod (iOS).release.xcconfig */,
				F84E43064819F374C9789E49 /* Pods-DaysUntilBirthdayForPod (macOS).debug.xcconfig */,
				5CF615341A61D92D89389D44 /* Pods-DaysUntilBirthdayForPod (macOS).release.xcconfig */,
			);
			path = Pods;
			sourceTree = "<group>";
		};
		7345ACF62703D9470020AFB1 = {
			isa = PBXGroup;
			children = (
				C1B5D38C282AFE870068D12B /* README.md */,
				7345AD012703D9470020AFB1 /* Shared */,
				FE7173A927F656AF00910319 /* iOS */,
				FE71738127ECFAF400910319 /* macOS */,
				7345AD002703D9470020AFB1 /* Products */,
				FE71738F27ECFB3300910319 /* Frameworks */,
				1595AE063BAE425413C82340 /* Pods */,
			);
			sourceTree = "<group>";
		};
		7345AD002703D9470020AFB1 /* Products */ = {
			isa = PBXGroup;
			children = (
				7345ACFF2703D9470020AFB1 /* DaysUntilBirthdayForPod (iOS).app */,
				FE71738027ECFAF400910319 /* DaysUntilBirthdayForPod (macOS).app */,
			);
			name = Products;
			sourceTree = "<group>";
		};
		7345AD012703D9470020AFB1 /* Shared */ = {
			isa = PBXGroup;
			children = (
				7345AD022703D9470020AFB1 /* DaysUntilBirthday.swift */,
				FE7173AF27F6633900910319 /* Services */,
				FE7173AE27F6632E00910319 /* ViewModels */,
				FE7173AD27F65B8500910319 /* Models */,
				FE7173AA27F6578E00910319 /* Views */,
				7345AD062703D9480020AFB1 /* Assets.xcassets */,
			);
			path = Shared;
			sourceTree = "<group>";
		};
		7345AD082703D9480020AFB1 /* Preview Content */ = {
			isa = PBXGroup;
			children = (
				7345AD092703D9480020AFB1 /* Preview Assets.xcassets */,
			);
			path = "Preview Content";
			sourceTree = "<group>";
		};
		FE71738127ECFAF400910319 /* macOS */ = {
			isa = PBXGroup;
			children = (
				FE7173A527F5110F00910319 /* UserProfileView.swift */,
				FE2F2ABC2800D9C1005EA17F /* Info.plist */,
				FE71738B27ECFAF600910319 /* DaysUntilBirthdayOnMac.entitlements */,
				FE71738827ECFAF600910319 /* Preview Content */,
			);
			path = macOS;
			sourceTree = "<group>";
		};
		FE71738827ECFAF600910319 /* Preview Content */ = {
			isa = PBXGroup;
			children = (
				FE71738927ECFAF600910319 /* Preview Assets.xcassets */,
			);
			path = "Preview Content";
			sourceTree = "<group>";
		};
		FE71738F27ECFB3300910319 /* Frameworks */ = {
			isa = PBXGroup;
			children = (
				F329EC9CE4A0A4AF2280834F /* Pods_DaysUntilBirthdayForPod__iOS_.framework */,
				926A15D393D684C68E09FB0F /* Pods_DaysUntilBirthdayForPod__macOS_.framework */,
			);
			name = Frameworks;
			sourceTree = "<group>";
		};
		FE7173A927F656AF00910319 /* iOS */ = {
			isa = PBXGroup;
			children = (
				7345AD1A2703D9C30020AFB1 /* UserProfileView.swift */,
				7345AD0B2703D9480020AFB1 /* Info.plist */,
				7345AD082703D9480020AFB1 /* Preview Content */,
			);
			path = iOS;
			sourceTree = "<group>";
		};
		FE7173AA27F6578E00910319 /* Views */ = {
			isa = PBXGroup;
			children = (
				7345AD042703D9470020AFB1 /* ContentView.swift */,
				739FCC45270E467600C92042 /* BirthdayView.swift */,
				7345AD112703D9C30020AFB1 /* SignInView.swift */,
				7345AD142703D9C30020AFB1 /* UserProfileImageView.swift */,
			);
			path = Views;
			sourceTree = "<group>";
		};
		FE7173AD27F65B8500910319 /* Models */ = {
			isa = PBXGroup;
			children = (
				739FCC47270E659A00C92042 /* Birthday.swift */,
			);
			path = Models;
			sourceTree = "<group>";
		};
		FE7173AE27F6632E00910319 /* ViewModels */ = {
			isa = PBXGroup;
			children = (
				7345AD162703D9C30020AFB1 /* AuthenticationViewModel.swift */,
				736F49BB270E102C00580053 /* BirthdayViewModel.swift */,
			);
			path = ViewModels;
			sourceTree = "<group>";
		};
		FE7173AF27F6633900910319 /* Services */ = {
			isa = PBXGroup;
			children = (
				7345AD172703D9C30020AFB1 /* GoogleSignInAuthenticator.swift */,
				736F49B9270E05E200580053 /* BirthdayLoader.swift */,
				7345AD192703D9C30020AFB1 /* UserProfileImageLoader.swift */,
			);
			path = Services;
			sourceTree = "<group>";
		};
/* End PBXGroup section */

/* Begin PBXNativeTarget section */
		7345ACFE2703D9470020AFB1 /* DaysUntilBirthdayForPod (iOS) */ = {
			isa = PBXNativeTarget;
			buildConfigurationList = 7345AD0E2703D9480020AFB1 /* Build configuration list for PBXNativeTarget "DaysUntilBirthdayForPod (iOS)" */;
			buildPhases = (
				2103D758B586F141DA8039D6 /* [CP] Check Pods Manifest.lock */,
				7345ACFB2703D9470020AFB1 /* Sources */,
				7345ACFC2703D9470020AFB1 /* Frameworks */,
				7345ACFD2703D9470020AFB1 /* Resources */,
				6D82046AD9FB6398BEEE6E1E /* [CP] Copy Pods Resources */,
			);
			buildRules = (
			);
			dependencies = (
			);
			name = "DaysUntilBirthdayForPod (iOS)";
			productName = "GSI-Swift-Sample";
			productReference = 7345ACFF2703D9470020AFB1 /* DaysUntilBirthdayForPod (iOS).app */;
			productType = "com.apple.product-type.application";
		};
		FE71737F27ECFAF400910319 /* DaysUntilBirthdayForPod (macOS) */ = {
			isa = PBXNativeTarget;
			buildConfigurationList = FE71738C27ECFAF600910319 /* Build configuration list for PBXNativeTarget "DaysUntilBirthdayForPod (macOS)" */;
			buildPhases = (
				CCB20D28DCF2C72343E30583 /* [CP] Check Pods Manifest.lock */,
				FE71737C27ECFAF400910319 /* Sources */,
				FE71737D27ECFAF400910319 /* Frameworks */,
				FE71737E27ECFAF400910319 /* Resources */,
				33C73C0F02D22A5D08069738 /* [CP] Copy Pods Resources */,
			);
			buildRules = (
			);
			dependencies = (
			);
			name = "DaysUntilBirthdayForPod (macOS)";
			productName = DaysUntilBirthdayOnMac;
			productReference = FE71738027ECFAF400910319 /* DaysUntilBirthdayForPod (macOS).app */;
			productType = "com.apple.product-type.application";
		};
/* End PBXNativeTarget section */

/* Begin PBXProject section */
		7345ACF72703D9470020AFB1 /* Project object */ = {
			isa = PBXProject;
			attributes = {
				LastSwiftUpdateCheck = 1310;
				LastUpgradeCheck = 1250;
				TargetAttributes = {
					7345ACFE2703D9470020AFB1 = {
						CreatedOnToolsVersion = 12.5.1;
					};
					FE71737F27ECFAF400910319 = {
						CreatedOnToolsVersion = 13.1;
					};
				};
			};
			buildConfigurationList = 7345ACFA2703D9470020AFB1 /* Build configuration list for PBXProject "DaysUntilBirthdayForPod" */;
			compatibilityVersion = "Xcode 9.3";
			developmentRegion = en;
			hasScannedForEncodings = 0;
			knownRegions = (
				en,
				Base,
			);
			mainGroup = 7345ACF62703D9470020AFB1;
			productRefGroup = 7345AD002703D9470020AFB1 /* Products */;
			projectDirPath = "";
			projectRoot = "";
			targets = (
				7345ACFE2703D9470020AFB1 /* DaysUntilBirthdayForPod (iOS) */,
				FE71737F27ECFAF400910319 /* DaysUntilBirthdayForPod (macOS) */,
			);
		};
/* End PBXProject section */

/* Begin PBXResourcesBuildPhase section */
		7345ACFD2703D9470020AFB1 /* Resources */ = {
			isa = PBXResourcesBuildPhase;
			buildActionMask = 2147483647;
			files = (
				C1B5D38D282AFE870068D12B /* README.md in Resources */,
				7345AD0A2703D9480020AFB1 /* Preview Assets.xcassets in Resources */,
				7345AD072703D9480020AFB1 /* Assets.xcassets in Resources */,
			);
			runOnlyForDeploymentPostprocessing = 0;
		};
		FE71737E27ECFAF400910319 /* Resources */ = {
			isa = PBXResourcesBuildPhase;
			buildActionMask = 2147483647;
			files = (
				73DB419628060A9A0028B8D3 /* Assets.xcassets in Resources */,
			);
			runOnlyForDeploymentPostprocessing = 0;
		};
/* End PBXResourcesBuildPhase section */

/* Begin PBXShellScriptBuildPhase section */
		2103D758B586F141DA8039D6 /* [CP] Check Pods Manifest.lock */ = {
			isa = PBXShellScriptBuildPhase;
			buildActionMask = 2147483647;
			files = (
			);
			inputFileListPaths = (
			);
			inputPaths = (
				"${PODS_PODFILE_DIR_PATH}/Podfile.lock",
				"${PODS_ROOT}/Manifest.lock",
			);
			name = "[CP] Check Pods Manifest.lock";
			outputFileListPaths = (
			);
			outputPaths = (
				"$(DERIVED_FILE_DIR)/Pods-DaysUntilBirthdayForPod (iOS)-checkManifestLockResult.txt",
			);
			runOnlyForDeploymentPostprocessing = 0;
			shellPath = /bin/sh;
			shellScript = "diff \"${PODS_PODFILE_DIR_PATH}/Podfile.lock\" \"${PODS_ROOT}/Manifest.lock\" > /dev/null\nif [ $? != 0 ] ; then\n    # print error to STDERR\n    echo \"error: The sandbox is not in sync with the Podfile.lock. Run 'pod install' or update your CocoaPods installation.\" >&2\n    exit 1\nfi\n# This output is used by Xcode 'outputs' to avoid re-running this script phase.\necho \"SUCCESS\" > \"${SCRIPT_OUTPUT_FILE_0}\"\n";
			showEnvVarsInLog = 0;
		};
		33C73C0F02D22A5D08069738 /* [CP] Copy Pods Resources */ = {
			isa = PBXShellScriptBuildPhase;
			buildActionMask = 2147483647;
			files = (
			);
			inputFileListPaths = (
				"${PODS_ROOT}/Target Support Files/Pods-DaysUntilBirthdayForPod (macOS)/Pods-DaysUntilBirthdayForPod (macOS)-resources-${CONFIGURATION}-input-files.xcfilelist",
			);
			name = "[CP] Copy Pods Resources";
			outputFileListPaths = (
				"${PODS_ROOT}/Target Support Files/Pods-DaysUntilBirthdayForPod (macOS)/Pods-DaysUntilBirthdayForPod (macOS)-resources-${CONFIGURATION}-output-files.xcfilelist",
			);
			runOnlyForDeploymentPostprocessing = 0;
			shellPath = /bin/sh;
			shellScript = "\"${PODS_ROOT}/Target Support Files/Pods-DaysUntilBirthdayForPod (macOS)/Pods-DaysUntilBirthdayForPod (macOS)-resources.sh\"\n";
			showEnvVarsInLog = 0;
		};
		6D82046AD9FB6398BEEE6E1E /* [CP] Copy Pods Resources */ = {
			isa = PBXShellScriptBuildPhase;
			buildActionMask = 2147483647;
			files = (
			);
			inputFileListPaths = (
				"${PODS_ROOT}/Target Support Files/Pods-DaysUntilBirthdayForPod (iOS)/Pods-DaysUntilBirthdayForPod (iOS)-resources-${CONFIGURATION}-input-files.xcfilelist",
			);
			name = "[CP] Copy Pods Resources";
			outputFileListPaths = (
				"${PODS_ROOT}/Target Support Files/Pods-DaysUntilBirthdayForPod (iOS)/Pods-DaysUntilBirthdayForPod (iOS)-resources-${CONFIGURATION}-output-files.xcfilelist",
			);
			runOnlyForDeploymentPostprocessing = 0;
			shellPath = /bin/sh;
			shellScript = "\"${PODS_ROOT}/Target Support Files/Pods-DaysUntilBirthdayForPod (iOS)/Pods-DaysUntilBirthdayForPod (iOS)-resources.sh\"\n";
			showEnvVarsInLog = 0;
		};
		CCB20D28DCF2C72343E30583 /* [CP] Check Pods Manifest.lock */ = {
			isa = PBXShellScriptBuildPhase;
			buildActionMask = 2147483647;
			files = (
			);
			inputFileListPaths = (
			);
			inputPaths = (
				"${PODS_PODFILE_DIR_PATH}/Podfile.lock",
				"${PODS_ROOT}/Manifest.lock",
			);
			name = "[CP] Check Pods Manifest.lock";
			outputFileListPaths = (
			);
			outputPaths = (
				"$(DERIVED_FILE_DIR)/Pods-DaysUntilBirthdayForPod (macOS)-checkManifestLockResult.txt",
			);
			runOnlyForDeploymentPostprocessing = 0;
			shellPath = /bin/sh;
			shellScript = "diff \"${PODS_PODFILE_DIR_PATH}/Podfile.lock\" \"${PODS_ROOT}/Manifest.lock\" > /dev/null\nif [ $? != 0 ] ; then\n    # print error to STDERR\n    echo \"error: The sandbox is not in sync with the Podfile.lock. Run 'pod install' or update your CocoaPods installation.\" >&2\n    exit 1\nfi\n# This output is used by Xcode 'outputs' to avoid re-running this script phase.\necho \"SUCCESS\" > \"${SCRIPT_OUTPUT_FILE_0}\"\n";
			showEnvVarsInLog = 0;
		};
/* End PBXShellScriptBuildPhase section */

/* Begin PBXSourcesBuildPhase section */
		7345ACFB2703D9470020AFB1 /* Sources */ = {
			isa = PBXSourcesBuildPhase;
			buildActionMask = 2147483647;
			files = (
				739FCC48270E659A00C92042 /* Birthday.swift in Sources */,
				739FCC46270E467600C92042 /* BirthdayView.swift in Sources */,
				7345AD1B2703D9C30020AFB1 /* SignInView.swift in Sources */,
				7345AD212703D9C30020AFB1 /* GoogleSignInAuthenticator.swift in Sources */,
				7345AD232703D9C30020AFB1 /* UserProfileImageLoader.swift in Sources */,
				7345AD1E2703D9C30020AFB1 /* UserProfileImageView.swift in Sources */,
				736F49BC270E102C00580053 /* BirthdayViewModel.swift in Sources */,
				736F49BA270E05E200580053 /* BirthdayLoader.swift in Sources */,
				7345AD242703D9C30020AFB1 /* UserProfileView.swift in Sources */,
				7345AD202703D9C30020AFB1 /* AuthenticationViewModel.swift in Sources */,
				7345AD052703D9470020AFB1 /* ContentView.swift in Sources */,
				7345AD032703D9470020AFB1 /* DaysUntilBirthday.swift in Sources */,
			);
			runOnlyForDeploymentPostprocessing = 0;
		};
		FE71737C27ECFAF400910319 /* Sources */ = {
			isa = PBXSourcesBuildPhase;
			buildActionMask = 2147483647;
			files = (
				73DB41912805FBFD0028B8D3 /* SignInView.swift in Sources */,
				73DB418B2805FBC40028B8D3 /* BirthdayLoader.swift in Sources */,
				73DB418D2805FBD00028B8D3 /* AuthenticationViewModel.swift in Sources */,
				73DB418F2805FBF50028B8D3 /* ContentView.swift in Sources */,
				73DB418C2805FBC80028B8D3 /* UserProfileImageLoader.swift in Sources */,
				73DB418E2805FBD40028B8D3 /* BirthdayViewModel.swift in Sources */,
				73DB41952805FC5F0028B8D3 /* Birthday.swift in Sources */,
				73DB418A2805FBC00028B8D3 /* GoogleSignInAuthenticator.swift in Sources */,
				73DB41932805FC3B0028B8D3 /* UserProfileView.swift in Sources */,
				73DB41892805FBA90028B8D3 /* DaysUntilBirthday.swift in Sources */,
				73DB41902805FBF90028B8D3 /* BirthdayView.swift in Sources */,
				73DB41922805FC010028B8D3 /* UserProfileImageView.swift in Sources */,
			);
			runOnlyForDeploymentPostprocessing = 0;
		};
/* End PBXSourcesBuildPhase section */

/* Begin XCBuildConfiguration section */
		7345AD0C2703D9480020AFB1 /* Debug */ = {
			isa = XCBuildConfiguration;
			buildSettings = {
				ALWAYS_SEARCH_USER_PATHS = NO;
				ASSETCATALOG_COMPILER_APPICON_NAME = "";
				ASSETCATALOG_COMPILER_INCLUDE_ALL_APPICON_ASSETS = NO;
				CLANG_ANALYZER_NONNULL = YES;
				CLANG_ANALYZER_NUMBER_OBJECT_CONVERSION = YES_AGGRESSIVE;
				CLANG_CXX_LANGUAGE_STANDARD = "gnu++14";
				CLANG_CXX_LIBRARY = "libc++";
				CLANG_ENABLE_MODULES = YES;
				CLANG_ENABLE_OBJC_ARC = YES;
				CLANG_ENABLE_OBJC_WEAK = YES;
				CLANG_WARN_BLOCK_CAPTURE_AUTORELEASING = YES;
				CLANG_WARN_BOOL_CONVERSION = YES;
				CLANG_WARN_COMMA = YES;
				CLANG_WARN_CONSTANT_CONVERSION = YES;
				CLANG_WARN_DEPRECATED_OBJC_IMPLEMENTATIONS = YES;
				CLANG_WARN_DIRECT_OBJC_ISA_USAGE = YES_ERROR;
				CLANG_WARN_DOCUMENTATION_COMMENTS = YES;
				CLANG_WARN_EMPTY_BODY = YES;
				CLANG_WARN_ENUM_CONVERSION = YES;
				CLANG_WARN_INFINITE_RECURSION = YES;
				CLANG_WARN_INT_CONVERSION = YES;
				CLANG_WARN_NON_LITERAL_NULL_CONVERSION = YES;
				CLANG_WARN_OBJC_IMPLICIT_RETAIN_SELF = YES;
				CLANG_WARN_OBJC_LITERAL_CONVERSION = YES;
				CLANG_WARN_OBJC_ROOT_CLASS = YES_ERROR;
				CLANG_WARN_QUOTED_INCLUDE_IN_FRAMEWORK_HEADER = YES;
				CLANG_WARN_RANGE_LOOP_ANALYSIS = YES;
				CLANG_WARN_STRICT_PROTOTYPES = YES;
				CLANG_WARN_SUSPICIOUS_MOVE = YES;
				CLANG_WARN_UNGUARDED_AVAILABILITY = YES_AGGRESSIVE;
				CLANG_WARN_UNREACHABLE_CODE = YES;
				CLANG_WARN__DUPLICATE_METHOD_MATCH = YES;
				COPY_PHASE_STRIP = NO;
				DEBUG_INFORMATION_FORMAT = dwarf;
				ENABLE_STRICT_OBJC_MSGSEND = YES;
				ENABLE_TESTABILITY = YES;
				GCC_C_LANGUAGE_STANDARD = gnu11;
				GCC_DYNAMIC_NO_PIC = NO;
				GCC_NO_COMMON_BLOCKS = YES;
				GCC_OPTIMIZATION_LEVEL = 0;
				GCC_PREPROCESSOR_DEFINITIONS = (
					"DEBUG=1",
					"$(inherited)",
				);
				GCC_WARN_64_TO_32_BIT_CONVERSION = YES;
				GCC_WARN_ABOUT_RETURN_TYPE = YES_ERROR;
				GCC_WARN_UNDECLARED_SELECTOR = YES;
				GCC_WARN_UNINITIALIZED_AUTOS = YES_AGGRESSIVE;
				GCC_WARN_UNUSED_FUNCTION = YES;
				GCC_WARN_UNUSED_VARIABLE = YES;
				IPHONEOS_DEPLOYMENT_TARGET = 14.5;
				MTL_ENABLE_DEBUG_INFO = INCLUDE_SOURCE;
				MTL_FAST_MATH = YES;
				ONLY_ACTIVE_ARCH = YES;
				SDKROOT = iphoneos;
				SWIFT_ACTIVE_COMPILATION_CONDITIONS = DEBUG;
				SWIFT_OPTIMIZATION_LEVEL = "-Onone";
			};
			name = Debug;
		};
		7345AD0D2703D9480020AFB1 /* Release */ = {
			isa = XCBuildConfiguration;
			buildSettings = {
				ALWAYS_SEARCH_USER_PATHS = NO;
				ASSETCATALOG_COMPILER_APPICON_NAME = "";
				ASSETCATALOG_COMPILER_INCLUDE_ALL_APPICON_ASSETS = NO;
				CLANG_ANALYZER_NONNULL = YES;
				CLANG_ANALYZER_NUMBER_OBJECT_CONVERSION = YES_AGGRESSIVE;
				CLANG_CXX_LANGUAGE_STANDARD = "gnu++14";
				CLANG_CXX_LIBRARY = "libc++";
				CLANG_ENABLE_MODULES = YES;
				CLANG_ENABLE_OBJC_ARC = YES;
				CLANG_ENABLE_OBJC_WEAK = YES;
				CLANG_WARN_BLOCK_CAPTURE_AUTORELEASING = YES;
				CLANG_WARN_BOOL_CONVERSION = YES;
				CLANG_WARN_COMMA = YES;
				CLANG_WARN_CONSTANT_CONVERSION = YES;
				CLANG_WARN_DEPRECATED_OBJC_IMPLEMENTATIONS = YES;
				CLANG_WARN_DIRECT_OBJC_ISA_USAGE = YES_ERROR;
				CLANG_WARN_DOCUMENTATION_COMMENTS = YES;
				CLANG_WARN_EMPTY_BODY = YES;
				CLANG_WARN_ENUM_CONVERSION = YES;
				CLANG_WARN_INFINITE_RECURSION = YES;
				CLANG_WARN_INT_CONVERSION = YES;
				CLANG_WARN_NON_LITERAL_NULL_CONVERSION = YES;
				CLANG_WARN_OBJC_IMPLICIT_RETAIN_SELF = YES;
				CLANG_WARN_OBJC_LITERAL_CONVERSION = YES;
				CLANG_WARN_OBJC_ROOT_CLASS = YES_ERROR;
				CLANG_WARN_QUOTED_INCLUDE_IN_FRAMEWORK_HEADER = YES;
				CLANG_WARN_RANGE_LOOP_ANALYSIS = YES;
				CLANG_WARN_STRICT_PROTOTYPES = YES;
				CLANG_WARN_SUSPICIOUS_MOVE = YES;
				CLANG_WARN_UNGUARDED_AVAILABILITY = YES_AGGRESSIVE;
				CLANG_WARN_UNREACHABLE_CODE = YES;
				CLANG_WARN__DUPLICATE_METHOD_MATCH = YES;
				COPY_PHASE_STRIP = NO;
				DEBUG_INFORMATION_FORMAT = "dwarf-with-dsym";
				ENABLE_NS_ASSERTIONS = NO;
				ENABLE_STRICT_OBJC_MSGSEND = YES;
				GCC_C_LANGUAGE_STANDARD = gnu11;
				GCC_NO_COMMON_BLOCKS = YES;
				GCC_WARN_64_TO_32_BIT_CONVERSION = YES;
				GCC_WARN_ABOUT_RETURN_TYPE = YES_ERROR;
				GCC_WARN_UNDECLARED_SELECTOR = YES;
				GCC_WARN_UNINITIALIZED_AUTOS = YES_AGGRESSIVE;
				GCC_WARN_UNUSED_FUNCTION = YES;
				GCC_WARN_UNUSED_VARIABLE = YES;
				IPHONEOS_DEPLOYMENT_TARGET = 14.5;
				MTL_ENABLE_DEBUG_INFO = NO;
				MTL_FAST_MATH = YES;
				SDKROOT = iphoneos;
				SWIFT_COMPILATION_MODE = wholemodule;
				SWIFT_OPTIMIZATION_LEVEL = "-O";
				VALIDATE_PRODUCT = YES;
			};
			name = Release;
		};
		7345AD0F2703D9480020AFB1 /* Debug */ = {
			isa = XCBuildConfiguration;
			baseConfigurationReference = 18F5B51876E23EE864C3A489 /* Pods-DaysUntilBirthdayForPod (iOS).debug.xcconfig */;
			buildSettings = {
				ASSETCATALOG_COMPILER_APPICON_NAME = AppIcon;
				ASSETCATALOG_COMPILER_GLOBAL_ACCENT_COLOR_NAME = AccentColor;
				CODE_SIGN_STYLE = Automatic;
				DEVELOPMENT_ASSET_PATHS = "\"iOS/Preview Content\"";
				ENABLE_PREVIEWS = YES;
				INFOPLIST_FILE = iOS/Info.plist;
				IPHONEOS_DEPLOYMENT_TARGET = 14.0;
				LD_RUNPATH_SEARCH_PATHS = (
					"$(inherited)",
					"@executable_path/Frameworks",
				);
				PRODUCT_BUNDLE_IDENTIFIER = com.google.DaysUntilBirthday;
				PRODUCT_NAME = "$(TARGET_NAME)";
				SWIFT_VERSION = 5.0;
				TARGETED_DEVICE_FAMILY = "1,2";
			};
			name = Debug;
		};
		7345AD102703D9480020AFB1 /* Release */ = {
			isa = XCBuildConfiguration;
			baseConfigurationReference = 7542DB53C46DFA9B71387188 /* Pods-DaysUntilBirthdayForPod (iOS).release.xcconfig */;
			buildSettings = {
				ASSETCATALOG_COMPILER_APPICON_NAME = AppIcon;
				ASSETCATALOG_COMPILER_GLOBAL_ACCENT_COLOR_NAME = AccentColor;
				CODE_SIGN_STYLE = Automatic;
				DEVELOPMENT_ASSET_PATHS = "\"iOS/Preview Content\"";
				ENABLE_PREVIEWS = YES;
				INFOPLIST_FILE = iOS/Info.plist;
				IPHONEOS_DEPLOYMENT_TARGET = 14.0;
				LD_RUNPATH_SEARCH_PATHS = (
					"$(inherited)",
					"@executable_path/Frameworks",
				);
				PRODUCT_BUNDLE_IDENTIFIER = com.google.DaysUntilBirthday;
				PRODUCT_NAME = "$(TARGET_NAME)";
				SWIFT_VERSION = 5.0;
				TARGETED_DEVICE_FAMILY = "1,2";
			};
			name = Release;
		};
		FE71738D27ECFAF600910319 /* Debug */ = {
			isa = XCBuildConfiguration;
			baseConfigurationReference = F84E43064819F374C9789E49 /* Pods-DaysUntilBirthdayForPod (macOS).debug.xcconfig */;
			buildSettings = {
				ASSETCATALOG_COMPILER_APPICON_NAME = AppIcon;
				ASSETCATALOG_COMPILER_GLOBAL_ACCENT_COLOR_NAME = AccentColor;
				CLANG_CXX_LANGUAGE_STANDARD = "gnu++17";
				CODE_SIGN_ENTITLEMENTS = macOS/DaysUntilBirthdayOnMac.entitlements;
				CODE_SIGN_STYLE = Automatic;
				COMBINE_HIDPI_IMAGES = YES;
				CURRENT_PROJECT_VERSION = 1;
				DEVELOPMENT_ASSET_PATHS = "\"macOS/Preview Content\"";
				ENABLE_PREVIEWS = YES;
				GENERATE_INFOPLIST_FILE = YES;
				INFOPLIST_FILE = macOS/Info.plist;
				INFOPLIST_KEY_NSHumanReadableCopyright = "";
				LD_RUNPATH_SEARCH_PATHS = (
					"$(inherited)",
					"@executable_path/../Frameworks",
				);
				MACOSX_DEPLOYMENT_TARGET = 11.0;
				MARKETING_VERSION = 1.0;
				PRODUCT_BUNDLE_IDENTIFIER = Google.DaysUntilBirthdayOnMac;
				PRODUCT_NAME = "$(TARGET_NAME)";
				SDKROOT = macosx;
				SWIFT_EMIT_LOC_STRINGS = YES;
				SWIFT_VERSION = 5.0;
			};
			name = Debug;
		};
		FE71738E27ECFAF600910319 /* Release */ = {
			isa = XCBuildConfiguration;
			baseConfigurationReference = 5CF615341A61D92D89389D44 /* Pods-DaysUntilBirthdayForPod (macOS).release.xcconfig */;
			buildSettings = {
				ASSETCATALOG_COMPILER_APPICON_NAME = AppIcon;
				ASSETCATALOG_COMPILER_GLOBAL_ACCENT_COLOR_NAME = AccentColor;
				CLANG_CXX_LANGUAGE_STANDARD = "gnu++17";
				CODE_SIGN_ENTITLEMENTS = macOS/DaysUntilBirthdayOnMac.entitlements;
				CODE_SIGN_STYLE = Automatic;
				COMBINE_HIDPI_IMAGES = YES;
				CURRENT_PROJECT_VERSION = 1;
				DEVELOPMENT_ASSET_PATHS = "\"macOS/Preview Content\"";
				ENABLE_PREVIEWS = YES;
				GENERATE_INFOPLIST_FILE = YES;
				INFOPLIST_FILE = macOS/Info.plist;
				INFOPLIST_KEY_NSHumanReadableCopyright = "";
				LD_RUNPATH_SEARCH_PATHS = (
					"$(inherited)",
					"@executable_path/../Frameworks",
				);
				MACOSX_DEPLOYMENT_TARGET = 11.0;
				MARKETING_VERSION = 1.0;
				PRODUCT_BUNDLE_IDENTIFIER = Google.DaysUntilBirthdayOnMac;
				PRODUCT_NAME = "$(TARGET_NAME)";
				SDKROOT = macosx;
				SWIFT_EMIT_LOC_STRINGS = YES;
				SWIFT_VERSION = 5.0;
			};
			name = Release;
		};
/* End XCBuildConfiguration section */

/* Begin XCConfigurationList section */
		7345ACFA2703D9470020AFB1 /* Build configuration list for PBXProject "DaysUntilBirthdayForPod" */ = {
			isa = XCConfigurationList;
			buildConfigurations = (
				7345AD0C2703D9480020AFB1 /* Debug */,
				7345AD0D2703D9480020AFB1 /* Release */,
			);
			defaultConfigurationIsVisible = 0;
			defaultConfigurationName = Release;
		};
		7345AD0E2703D9480020AFB1 /* Build configuration list for PBXNativeTarget "DaysUntilBirthdayForPod (iOS)" */ = {
			isa = XCConfigurationList;
			buildConfigurations = (
				7345AD0F2703D9480020AFB1 /* Debug */,
				7345AD102703D9480020AFB1 /* Release */,
			);
			defaultConfigurationIsVisible = 0;
			defaultConfigurationName = Release;
		};
		FE71738C27ECFAF600910319 /* Build configuration list for PBXNativeTarget "DaysUntilBirthdayForPod (macOS)" */ = {
			isa = XCConfigurationList;
			buildConfigurations = (
				FE71738D27ECFAF600910319 /* Debug */,
				FE71738E27ECFAF600910319 /* Release */,
			);
			defaultConfigurationIsVisible = 0;
			defaultConfigurationName = Release;
		};
/* End XCConfigurationList section */
	};
	rootObject = 7345ACF72703D9470020AFB1 /* Project object */;
}
