// !$*UTF8*$!
{
	archiveVersion = 1;
	classes = {
	};
	objectVersion = 55;
	objects = {

/* Begin PBXBuildFile section */
		A0027D4EA9FC9C3320D2CB6C /* libPods-DaysUntilBirthdayForPod (iOS).a in Frameworks */ = {isa = PBXBuildFile; fileRef = 61F4ED33051343907BD064C7 /* libPods-DaysUntilBirthdayForPod (iOS).a */; };
		FC5D406670D7A548AFC4E510 /* libPods-DaysUntilBirthdayForPod (macOS).a in Frameworks */ = {isa = PBXBuildFile; fileRef = 6E7FF39A72A801922A879753 /* libPods-DaysUntilBirthdayForPod (macOS).a */; };
		FE2ED0762800FF54006007BA /* DaysUntilBirthday.swift in Sources */ = {isa = PBXBuildFile; fileRef = FE2ED0702800FF54006007BA /* DaysUntilBirthday.swift */; };
		FE2ED0772800FF54006007BA /* DaysUntilBirthday.swift in Sources */ = {isa = PBXBuildFile; fileRef = FE2ED0702800FF54006007BA /* DaysUntilBirthday.swift */; };
		FE2ED0782800FF54006007BA /* Assets.xcassets in Resources */ = {isa = PBXBuildFile; fileRef = FE2ED0712800FF54006007BA /* Assets.xcassets */; };
		FE2ED0792800FF54006007BA /* Assets.xcassets in Resources */ = {isa = PBXBuildFile; fileRef = FE2ED0712800FF54006007BA /* Assets.xcassets */; };
		FE2ED0872800FF74006007BA /* Preview Content in Resources */ = {isa = PBXBuildFile; fileRef = FE2ED0822800FF74006007BA /* Preview Content */; };
		FE2ED0882800FF74006007BA /* Info.plist in Resources */ = {isa = PBXBuildFile; fileRef = FE2ED0832800FF74006007BA /* Info.plist */; };
		FE2ED0892800FF74006007BA /* UserProfileView.swift in Sources */ = {isa = PBXBuildFile; fileRef = FE2ED0842800FF74006007BA /* UserProfileView.swift */; };
		FE2ED08A2800FF74006007BA /* GoogleSignInButtonWrapper.swift in Sources */ = {isa = PBXBuildFile; fileRef = FE2ED0852800FF74006007BA /* GoogleSignInButtonWrapper.swift */; };
		FE2ED09428010015006007BA /* GoogleSignInButtonWrapper.swift in Sources */ = {isa = PBXBuildFile; fileRef = FE2ED09028010015006007BA /* GoogleSignInButtonWrapper.swift */; };
		FE2ED09528010015006007BA /* UserProfileView.swift in Sources */ = {isa = PBXBuildFile; fileRef = FE2ED09128010015006007BA /* UserProfileView.swift */; };
		FE2ED09628010015006007BA /* Preview Content in Resources */ = {isa = PBXBuildFile; fileRef = FE2ED09228010015006007BA /* Preview Content */; };
		FE2ED09828010096006007BA /* Podfile in Resources */ = {isa = PBXBuildFile; fileRef = FE2ED09728010096006007BA /* Podfile */; };
		FE2ED09928010096006007BA /* Podfile in Resources */ = {isa = PBXBuildFile; fileRef = FE2ED09728010096006007BA /* Podfile */; };
		FE2ED0AA28010508006007BA /* BirthdayViewModel.swift in Sources */ = {isa = PBXBuildFile; fileRef = FE2ED09D28010507006007BA /* BirthdayViewModel.swift */; };
		FE2ED0AB28010508006007BA /* BirthdayViewModel.swift in Sources */ = {isa = PBXBuildFile; fileRef = FE2ED09D28010507006007BA /* BirthdayViewModel.swift */; };
		FE2ED0AC28010508006007BA /* AuthenticationViewModel.swift in Sources */ = {isa = PBXBuildFile; fileRef = FE2ED09E28010507006007BA /* AuthenticationViewModel.swift */; };
		FE2ED0AD28010508006007BA /* AuthenticationViewModel.swift in Sources */ = {isa = PBXBuildFile; fileRef = FE2ED09E28010507006007BA /* AuthenticationViewModel.swift */; };
		FE2ED0AE28010508006007BA /* Birthday.swift in Sources */ = {isa = PBXBuildFile; fileRef = FE2ED0A028010507006007BA /* Birthday.swift */; };
		FE2ED0AF28010508006007BA /* Birthday.swift in Sources */ = {isa = PBXBuildFile; fileRef = FE2ED0A028010507006007BA /* Birthday.swift */; };
		FE2ED0B028010508006007BA /* UserProfileImageLoader.swift in Sources */ = {isa = PBXBuildFile; fileRef = FE2ED0A228010507006007BA /* UserProfileImageLoader.swift */; };
		FE2ED0B128010508006007BA /* UserProfileImageLoader.swift in Sources */ = {isa = PBXBuildFile; fileRef = FE2ED0A228010507006007BA /* UserProfileImageLoader.swift */; };
		FE2ED0B228010508006007BA /* GoogleSignInAuthenticator.swift in Sources */ = {isa = PBXBuildFile; fileRef = FE2ED0A328010507006007BA /* GoogleSignInAuthenticator.swift */; };
		FE2ED0B328010508006007BA /* GoogleSignInAuthenticator.swift in Sources */ = {isa = PBXBuildFile; fileRef = FE2ED0A328010507006007BA /* GoogleSignInAuthenticator.swift */; };
		FE2ED0B428010508006007BA /* BirthdayLoader.swift in Sources */ = {isa = PBXBuildFile; fileRef = FE2ED0A428010507006007BA /* BirthdayLoader.swift */; };
		FE2ED0B528010508006007BA /* BirthdayLoader.swift in Sources */ = {isa = PBXBuildFile; fileRef = FE2ED0A428010507006007BA /* BirthdayLoader.swift */; };
		FE2ED0B628010508006007BA /* BirthdayView.swift in Sources */ = {isa = PBXBuildFile; fileRef = FE2ED0A628010508006007BA /* BirthdayView.swift */; };
		FE2ED0B728010508006007BA /* BirthdayView.swift in Sources */ = {isa = PBXBuildFile; fileRef = FE2ED0A628010508006007BA /* BirthdayView.swift */; };
		FE2ED0B828010508006007BA /* SignInView.swift in Sources */ = {isa = PBXBuildFile; fileRef = FE2ED0A728010508006007BA /* SignInView.swift */; };
		FE2ED0B928010508006007BA /* SignInView.swift in Sources */ = {isa = PBXBuildFile; fileRef = FE2ED0A728010508006007BA /* SignInView.swift */; };
		FE2ED0BA28010508006007BA /* UserProfileImageView.swift in Sources */ = {isa = PBXBuildFile; fileRef = FE2ED0A828010508006007BA /* UserProfileImageView.swift */; };
		FE2ED0BB28010508006007BA /* UserProfileImageView.swift in Sources */ = {isa = PBXBuildFile; fileRef = FE2ED0A828010508006007BA /* UserProfileImageView.swift */; };
		FE2ED0BC28010508006007BA /* ContentView.swift in Sources */ = {isa = PBXBuildFile; fileRef = FE2ED0A928010508006007BA /* ContentView.swift */; };
		FE2ED0BD28010508006007BA /* ContentView.swift in Sources */ = {isa = PBXBuildFile; fileRef = FE2ED0A928010508006007BA /* ContentView.swift */; };
/* End PBXBuildFile section */

/* Begin PBXFileReference section */
		0B08EF288921DB186EA58624 /* Pods-DaysUntilBirthdayForPod (iOS).debug.xcconfig */ = {isa = PBXFileReference; includeInIndex = 1; lastKnownFileType = text.xcconfig; name = "Pods-DaysUntilBirthdayForPod (iOS).debug.xcconfig"; path = "Target Support Files/Pods-DaysUntilBirthdayForPod (iOS)/Pods-DaysUntilBirthdayForPod (iOS).debug.xcconfig"; sourceTree = "<group>"; };
		11B3DE96F8E9E52403BA1C30 /* Pods-DaysUntilBirthdayForPod (iOS).release.xcconfig */ = {isa = PBXFileReference; includeInIndex = 1; lastKnownFileType = text.xcconfig; name = "Pods-DaysUntilBirthdayForPod (iOS).release.xcconfig"; path = "Target Support Files/Pods-DaysUntilBirthdayForPod (iOS)/Pods-DaysUntilBirthdayForPod (iOS).release.xcconfig"; sourceTree = "<group>"; };
		54C0CE39088F529ED3F7DB46 /* Pods-DaysUntilBirthdayForPod (macOS).release.xcconfig */ = {isa = PBXFileReference; includeInIndex = 1; lastKnownFileType = text.xcconfig; name = "Pods-DaysUntilBirthdayForPod (macOS).release.xcconfig"; path = "Target Support Files/Pods-DaysUntilBirthdayForPod (macOS)/Pods-DaysUntilBirthdayForPod (macOS).release.xcconfig"; sourceTree = "<group>"; };
		61F4ED33051343907BD064C7 /* libPods-DaysUntilBirthdayForPod (iOS).a */ = {isa = PBXFileReference; explicitFileType = archive.ar; includeInIndex = 0; path = "libPods-DaysUntilBirthdayForPod (iOS).a"; sourceTree = BUILT_PRODUCTS_DIR; };
		6E7FF39A72A801922A879753 /* libPods-DaysUntilBirthdayForPod (macOS).a */ = {isa = PBXFileReference; explicitFileType = archive.ar; includeInIndex = 0; path = "libPods-DaysUntilBirthdayForPod (macOS).a"; sourceTree = BUILT_PRODUCTS_DIR; };
		752CE6A223C1E34534585077 /* Pods-DaysUntilBirthdayForPod (macOS).debug.xcconfig */ = {isa = PBXFileReference; includeInIndex = 1; lastKnownFileType = text.xcconfig; name = "Pods-DaysUntilBirthdayForPod (macOS).debug.xcconfig"; path = "Target Support Files/Pods-DaysUntilBirthdayForPod (macOS)/Pods-DaysUntilBirthdayForPod (macOS).debug.xcconfig"; sourceTree = "<group>"; };
		FE2ED0592800FE0F006007BA /* DaysUntilBirthdayForPod.app */ = {isa = PBXFileReference; explicitFileType = wrapper.application; includeInIndex = 0; path = DaysUntilBirthdayForPod.app; sourceTree = BUILT_PRODUCTS_DIR; };
		FE2ED05F2800FE0F006007BA /* DaysUntilBirthdayForPod.app */ = {isa = PBXFileReference; explicitFileType = wrapper.application; includeInIndex = 0; path = DaysUntilBirthdayForPod.app; sourceTree = BUILT_PRODUCTS_DIR; };
		FE2ED0702800FF54006007BA /* DaysUntilBirthday.swift */ = {isa = PBXFileReference; fileEncoding = 4; lastKnownFileType = sourcecode.swift; path = DaysUntilBirthday.swift; sourceTree = "<group>"; };
		FE2ED0712800FF54006007BA /* Assets.xcassets */ = {isa = PBXFileReference; lastKnownFileType = folder.assetcatalog; path = Assets.xcassets; sourceTree = "<group>"; };
		FE2ED0822800FF74006007BA /* Preview Content */ = {isa = PBXFileReference; lastKnownFileType = folder; path = "Preview Content"; sourceTree = "<group>"; };
		FE2ED0832800FF74006007BA /* Info.plist */ = {isa = PBXFileReference; fileEncoding = 4; lastKnownFileType = text.plist.xml; path = Info.plist; sourceTree = "<group>"; };
		FE2ED0842800FF74006007BA /* UserProfileView.swift */ = {isa = PBXFileReference; fileEncoding = 4; lastKnownFileType = sourcecode.swift; path = UserProfileView.swift; sourceTree = "<group>"; };
		FE2ED0852800FF74006007BA /* GoogleSignInButtonWrapper.swift */ = {isa = PBXFileReference; fileEncoding = 4; lastKnownFileType = sourcecode.swift; path = GoogleSignInButtonWrapper.swift; sourceTree = "<group>"; };
		FE2ED0862800FF74006007BA /* DaysUntilBirthdayOnMac.entitlements */ = {isa = PBXFileReference; fileEncoding = 4; lastKnownFileType = text.plist.entitlements; path = DaysUntilBirthdayOnMac.entitlements; sourceTree = "<group>"; };
		FE2ED08F28010015006007BA /* Info.plist */ = {isa = PBXFileReference; fileEncoding = 4; lastKnownFileType = text.plist.xml; name = Info.plist; path = iOS/Info.plist; sourceTree = "<group>"; };
		FE2ED09028010015006007BA /* GoogleSignInButtonWrapper.swift */ = {isa = PBXFileReference; fileEncoding = 4; lastKnownFileType = sourcecode.swift; name = GoogleSignInButtonWrapper.swift; path = iOS/GoogleSignInButtonWrapper.swift; sourceTree = "<group>"; };
		FE2ED09128010015006007BA /* UserProfileView.swift */ = {isa = PBXFileReference; fileEncoding = 4; lastKnownFileType = sourcecode.swift; name = UserProfileView.swift; path = iOS/UserProfileView.swift; sourceTree = "<group>"; };
		FE2ED09228010015006007BA /* Preview Content */ = {isa = PBXFileReference; lastKnownFileType = folder; name = "Preview Content"; path = "iOS/Preview Content"; sourceTree = "<group>"; };
		FE2ED09728010096006007BA /* Podfile */ = {isa = PBXFileReference; lastKnownFileType = text; path = Podfile; sourceTree = "<group>"; xcLanguageSpecificationIdentifier = xcode.lang.ruby; };
		FE2ED09D28010507006007BA /* BirthdayViewModel.swift */ = {isa = PBXFileReference; fileEncoding = 4; lastKnownFileType = sourcecode.swift; path = BirthdayViewModel.swift; sourceTree = "<group>"; };
		FE2ED09E28010507006007BA /* AuthenticationViewModel.swift */ = {isa = PBXFileReference; fileEncoding = 4; lastKnownFileType = sourcecode.swift; path = AuthenticationViewModel.swift; sourceTree = "<group>"; };
		FE2ED0A028010507006007BA /* Birthday.swift */ = {isa = PBXFileReference; fileEncoding = 4; lastKnownFileType = sourcecode.swift; path = Birthday.swift; sourceTree = "<group>"; };
		FE2ED0A228010507006007BA /* UserProfileImageLoader.swift */ = {isa = PBXFileReference; fileEncoding = 4; lastKnownFileType = sourcecode.swift; path = UserProfileImageLoader.swift; sourceTree = "<group>"; };
		FE2ED0A328010507006007BA /* GoogleSignInAuthenticator.swift */ = {isa = PBXFileReference; fileEncoding = 4; lastKnownFileType = sourcecode.swift; path = GoogleSignInAuthenticator.swift; sourceTree = "<group>"; };
		FE2ED0A428010507006007BA /* BirthdayLoader.swift */ = {isa = PBXFileReference; fileEncoding = 4; lastKnownFileType = sourcecode.swift; path = BirthdayLoader.swift; sourceTree = "<group>"; };
		FE2ED0A628010508006007BA /* BirthdayView.swift */ = {isa = PBXFileReference; fileEncoding = 4; lastKnownFileType = sourcecode.swift; path = BirthdayView.swift; sourceTree = "<group>"; };
		FE2ED0A728010508006007BA /* SignInView.swift */ = {isa = PBXFileReference; fileEncoding = 4; lastKnownFileType = sourcecode.swift; path = SignInView.swift; sourceTree = "<group>"; };
		FE2ED0A828010508006007BA /* UserProfileImageView.swift */ = {isa = PBXFileReference; fileEncoding = 4; lastKnownFileType = sourcecode.swift; path = UserProfileImageView.swift; sourceTree = "<group>"; };
		FE2ED0A928010508006007BA /* ContentView.swift */ = {isa = PBXFileReference; fileEncoding = 4; lastKnownFileType = sourcecode.swift; path = ContentView.swift; sourceTree = "<group>"; };
/* End PBXFileReference section */

/* Begin PBXFrameworksBuildPhase section */
		FE2ED0562800FE0F006007BA /* Frameworks */ = {
			isa = PBXFrameworksBuildPhase;
			buildActionMask = 2147483647;
			files = (
				A0027D4EA9FC9C3320D2CB6C /* libPods-DaysUntilBirthdayForPod (iOS).a in Frameworks */,
			);
			runOnlyForDeploymentPostprocessing = 0;
		};
		FE2ED05C2800FE0F006007BA /* Frameworks */ = {
			isa = PBXFrameworksBuildPhase;
			buildActionMask = 2147483647;
			files = (
				FC5D406670D7A548AFC4E510 /* libPods-DaysUntilBirthdayForPod (macOS).a in Frameworks */,
			);
			runOnlyForDeploymentPostprocessing = 0;
		};
/* End PBXFrameworksBuildPhase section */

/* Begin PBXGroup section */
		2D587383CDC18F70FA2636BF /* Frameworks */ = {
			isa = PBXGroup;
			children = (
				61F4ED33051343907BD064C7 /* libPods-DaysUntilBirthdayForPod (iOS).a */,
				6E7FF39A72A801922A879753 /* libPods-DaysUntilBirthdayForPod (macOS).a */,
			);
			name = Frameworks;
			sourceTree = "<group>";
		};
		606AFE1D7495419E24EF0F63 /* Pods */ = {
			isa = PBXGroup;
			children = (
				0B08EF288921DB186EA58624 /* Pods-DaysUntilBirthdayForPod (iOS).debug.xcconfig */,
				11B3DE96F8E9E52403BA1C30 /* Pods-DaysUntilBirthdayForPod (iOS).release.xcconfig */,
				752CE6A223C1E34534585077 /* Pods-DaysUntilBirthdayForPod (macOS).debug.xcconfig */,
				54C0CE39088F529ED3F7DB46 /* Pods-DaysUntilBirthdayForPod (macOS).release.xcconfig */,
			);
			path = Pods;
			sourceTree = "<group>";
		};
		FE2ED04C2800FE0D006007BA = {
			isa = PBXGroup;
			children = (
				FE2ED09728010096006007BA /* Podfile */,
				FE2ED0512800FE0D006007BA /* Shared */,
				FE2ED08E28010002006007BA /* iOS */,
				FE2ED0602800FE0F006007BA /* macOS */,
				FE2ED05A2800FE0F006007BA /* Products */,
				606AFE1D7495419E24EF0F63 /* Pods */,
				2D587383CDC18F70FA2636BF /* Frameworks */,
			);
			sourceTree = "<group>";
		};
		FE2ED0512800FE0D006007BA /* Shared */ = {
			isa = PBXGroup;
			children = (
				FE2ED09F28010507006007BA /* Models */,
				FE2ED0A128010507006007BA /* Services */,
				FE2ED09C28010507006007BA /* ViewModels */,
				FE2ED0A528010508006007BA /* Views */,
				FE2ED0712800FF54006007BA /* Assets.xcassets */,
				FE2ED0702800FF54006007BA /* DaysUntilBirthday.swift */,
			);
			path = Shared;
			sourceTree = "<group>";
		};
		FE2ED05A2800FE0F006007BA /* Products */ = {
			isa = PBXGroup;
			children = (
				FE2ED0592800FE0F006007BA /* DaysUntilBirthdayForPod.app */,
				FE2ED05F2800FE0F006007BA /* DaysUntilBirthdayForPod.app */,
			);
			name = Products;
			sourceTree = "<group>";
		};
		FE2ED0602800FE0F006007BA /* macOS */ = {
			isa = PBXGroup;
			children = (
				FE2ED0862800FF74006007BA /* DaysUntilBirthdayOnMac.entitlements */,
				FE2ED0852800FF74006007BA /* GoogleSignInButtonWrapper.swift */,
				FE2ED0832800FF74006007BA /* Info.plist */,
				FE2ED0822800FF74006007BA /* Preview Content */,
				FE2ED0842800FF74006007BA /* UserProfileView.swift */,
			);
			path = macOS;
			sourceTree = "<group>";
		};
		FE2ED08E28010002006007BA /* iOS */ = {
			isa = PBXGroup;
			children = (
				FE2ED09028010015006007BA /* GoogleSignInButtonWrapper.swift */,
				FE2ED08F28010015006007BA /* Info.plist */,
				FE2ED09228010015006007BA /* Preview Content */,
				FE2ED09128010015006007BA /* UserProfileView.swift */,
			);
			name = iOS;
			sourceTree = "<group>";
		};
		FE2ED09C28010507006007BA /* ViewModels */ = {
			isa = PBXGroup;
			children = (
				FE2ED09D28010507006007BA /* BirthdayViewModel.swift */,
				FE2ED09E28010507006007BA /* AuthenticationViewModel.swift */,
			);
			path = ViewModels;
			sourceTree = "<group>";
		};
		FE2ED09F28010507006007BA /* Models */ = {
			isa = PBXGroup;
			children = (
				FE2ED0A028010507006007BA /* Birthday.swift */,
			);
			path = Models;
			sourceTree = "<group>";
		};
		FE2ED0A128010507006007BA /* Services */ = {
			isa = PBXGroup;
			children = (
				FE2ED0A228010507006007BA /* UserProfileImageLoader.swift */,
				FE2ED0A328010507006007BA /* GoogleSignInAuthenticator.swift */,
				FE2ED0A428010507006007BA /* BirthdayLoader.swift */,
			);
			path = Services;
			sourceTree = "<group>";
		};
		FE2ED0A528010508006007BA /* Views */ = {
			isa = PBXGroup;
			children = (
				FE2ED0A628010508006007BA /* BirthdayView.swift */,
				FE2ED0A728010508006007BA /* SignInView.swift */,
				FE2ED0A828010508006007BA /* UserProfileImageView.swift */,
				FE2ED0A928010508006007BA /* ContentView.swift */,
			);
			path = Views;
			sourceTree = "<group>";
		};
/* End PBXGroup section */

/* Begin PBXNativeTarget section */
		FE2ED0582800FE0F006007BA /* DaysUntilBirthdayForPod (iOS) */ = {
			isa = PBXNativeTarget;
			buildConfigurationList = FE2ED06A2800FE0F006007BA /* Build configuration list for PBXNativeTarget "DaysUntilBirthdayForPod (iOS)" */;
			buildPhases = (
				E5281C4FB6891AEEF4D98F34 /* [CP] Check Pods Manifest.lock */,
				FE2ED0552800FE0F006007BA /* Sources */,
				FE2ED0562800FE0F006007BA /* Frameworks */,
				FE2ED0572800FE0F006007BA /* Resources */,
				3C2AF50DEF579CD4D20D7FB4 /* [CP] Copy Pods Resources */,
			);
			buildRules = (
			);
			dependencies = (
			);
			name = "DaysUntilBirthdayForPod (iOS)";
			productName = "DaysUntilBirthdayForPod (iOS)";
			productReference = FE2ED0592800FE0F006007BA /* DaysUntilBirthdayForPod.app */;
			productType = "com.apple.product-type.application";
		};
		FE2ED05E2800FE0F006007BA /* DaysUntilBirthdayForPod (macOS) */ = {
			isa = PBXNativeTarget;
			buildConfigurationList = FE2ED06D2800FE0F006007BA /* Build configuration list for PBXNativeTarget "DaysUntilBirthdayForPod (macOS)" */;
			buildPhases = (
				09125C10B78DB2C9C3CDD745 /* [CP] Check Pods Manifest.lock */,
				FE2ED05B2800FE0F006007BA /* Sources */,
				FE2ED05C2800FE0F006007BA /* Frameworks */,
				FE2ED05D2800FE0F006007BA /* Resources */,
				695CEEB6F1EA80C63A6FBE3D /* [CP] Copy Pods Resources */,
			);
			buildRules = (
			);
			dependencies = (
			);
			name = "DaysUntilBirthdayForPod (macOS)";
			productName = "DaysUntilBirthdayForPod (macOS)";
			productReference = FE2ED05F2800FE0F006007BA /* DaysUntilBirthdayForPod.app */;
			productType = "com.apple.product-type.application";
		};
/* End PBXNativeTarget section */

/* Begin PBXProject section */
		FE2ED04D2800FE0D006007BA /* Project object */ = {
			isa = PBXProject;
			attributes = {
				BuildIndependentTargetsInParallel = 1;
				LastSwiftUpdateCheck = 1310;
				LastUpgradeCheck = 1310;
				TargetAttributes = {
					FE2ED0582800FE0F006007BA = {
						CreatedOnToolsVersion = 13.1;
						LastSwiftMigration = 1310;
					};
					FE2ED05E2800FE0F006007BA = {
						CreatedOnToolsVersion = 13.1;
						LastSwiftMigration = 1310;
					};
				};
			};
			buildConfigurationList = FE2ED0502800FE0D006007BA /* Build configuration list for PBXProject "DaysUntilBirthdayForPod" */;
			compatibilityVersion = "Xcode 13.0";
			developmentRegion = en;
			hasScannedForEncodings = 0;
			knownRegions = (
				en,
				Base,
			);
			mainGroup = FE2ED04C2800FE0D006007BA;
			productRefGroup = FE2ED05A2800FE0F006007BA /* Products */;
			projectDirPath = "";
			projectRoot = "";
			targets = (
				FE2ED0582800FE0F006007BA /* DaysUntilBirthdayForPod (iOS) */,
				FE2ED05E2800FE0F006007BA /* DaysUntilBirthdayForPod (macOS) */,
			);
		};
/* End PBXProject section */

/* Begin PBXResourcesBuildPhase section */
		FE2ED0572800FE0F006007BA /* Resources */ = {
			isa = PBXResourcesBuildPhase;
			buildActionMask = 2147483647;
			files = (
				FE2ED09828010096006007BA /* Podfile in Resources */,
				FE2ED09628010015006007BA /* Preview Content in Resources */,
				FE2ED0782800FF54006007BA /* Assets.xcassets in Resources */,
			);
			runOnlyForDeploymentPostprocessing = 0;
		};
		FE2ED05D2800FE0F006007BA /* Resources */ = {
			isa = PBXResourcesBuildPhase;
			buildActionMask = 2147483647;
			files = (
				FE2ED0872800FF74006007BA /* Preview Content in Resources */,
				FE2ED09928010096006007BA /* Podfile in Resources */,
				FE2ED0792800FF54006007BA /* Assets.xcassets in Resources */,
				FE2ED0882800FF74006007BA /* Info.plist in Resources */,
			);
			runOnlyForDeploymentPostprocessing = 0;
		};
/* End PBXResourcesBuildPhase section */

/* Begin PBXShellScriptBuildPhase section */
		09125C10B78DB2C9C3CDD745 /* [CP] Check Pods Manifest.lock */ = {
			isa = PBXShellScriptBuildPhase;
			buildActionMask = 2147483647;
			files = (
			);
			inputFileListPaths = (
			);
			inputPaths = (
				"${PODS_PODFILE_DIR_PATH}/Podfile.lock",
				"${PODS_ROOT}/Manifest.lock",
			);
			name = "[CP] Check Pods Manifest.lock";
			outputFileListPaths = (
			);
			outputPaths = (
				"$(DERIVED_FILE_DIR)/Pods-DaysUntilBirthdayForPod (macOS)-checkManifestLockResult.txt",
			);
			runOnlyForDeploymentPostprocessing = 0;
			shellPath = /bin/sh;
			shellScript = "diff \"${PODS_PODFILE_DIR_PATH}/Podfile.lock\" \"${PODS_ROOT}/Manifest.lock\" > /dev/null\nif [ $? != 0 ] ; then\n    # print error to STDERR\n    echo \"error: The sandbox is not in sync with the Podfile.lock. Run 'pod install' or update your CocoaPods installation.\" >&2\n    exit 1\nfi\n# This output is used by Xcode 'outputs' to avoid re-running this script phase.\necho \"SUCCESS\" > \"${SCRIPT_OUTPUT_FILE_0}\"\n";
			showEnvVarsInLog = 0;
		};
		3C2AF50DEF579CD4D20D7FB4 /* [CP] Copy Pods Resources */ = {
			isa = PBXShellScriptBuildPhase;
			buildActionMask = 2147483647;
			files = (
			);
			inputFileListPaths = (
				"${PODS_ROOT}/Target Support Files/Pods-DaysUntilBirthdayForPod (iOS)/Pods-DaysUntilBirthdayForPod (iOS)-resources-${CONFIGURATION}-input-files.xcfilelist",
			);
			name = "[CP] Copy Pods Resources";
			outputFileListPaths = (
				"${PODS_ROOT}/Target Support Files/Pods-DaysUntilBirthdayForPod (iOS)/Pods-DaysUntilBirthdayForPod (iOS)-resources-${CONFIGURATION}-output-files.xcfilelist",
			);
			runOnlyForDeploymentPostprocessing = 0;
			shellPath = /bin/sh;
			shellScript = "\"${PODS_ROOT}/Target Support Files/Pods-DaysUntilBirthdayForPod (iOS)/Pods-DaysUntilBirthdayForPod (iOS)-resources.sh\"\n";
			showEnvVarsInLog = 0;
		};
		695CEEB6F1EA80C63A6FBE3D /* [CP] Copy Pods Resources */ = {
			isa = PBXShellScriptBuildPhase;
			buildActionMask = 2147483647;
			files = (
			);
			inputFileListPaths = (
				"${PODS_ROOT}/Target Support Files/Pods-DaysUntilBirthdayForPod (macOS)/Pods-DaysUntilBirthdayForPod (macOS)-resources-${CONFIGURATION}-input-files.xcfilelist",
			);
			name = "[CP] Copy Pods Resources";
			outputFileListPaths = (
				"${PODS_ROOT}/Target Support Files/Pods-DaysUntilBirthdayForPod (macOS)/Pods-DaysUntilBirthdayForPod (macOS)-resources-${CONFIGURATION}-output-files.xcfilelist",
			);
			runOnlyForDeploymentPostprocessing = 0;
			shellPath = /bin/sh;
			shellScript = "\"${PODS_ROOT}/Target Support Files/Pods-DaysUntilBirthdayForPod (macOS)/Pods-DaysUntilBirthdayForPod (macOS)-resources.sh\"\n";
			showEnvVarsInLog = 0;
		};
		E5281C4FB6891AEEF4D98F34 /* [CP] Check Pods Manifest.lock */ = {
			isa = PBXShellScriptBuildPhase;
			buildActionMask = 2147483647;
			files = (
			);
			inputFileListPaths = (
			);
			inputPaths = (
				"${PODS_PODFILE_DIR_PATH}/Podfile.lock",
				"${PODS_ROOT}/Manifest.lock",
			);
			name = "[CP] Check Pods Manifest.lock";
			outputFileListPaths = (
			);
			outputPaths = (
				"$(DERIVED_FILE_DIR)/Pods-DaysUntilBirthdayForPod (iOS)-checkManifestLockResult.txt",
			);
			runOnlyForDeploymentPostprocessing = 0;
			shellPath = /bin/sh;
			shellScript = "diff \"${PODS_PODFILE_DIR_PATH}/Podfile.lock\" \"${PODS_ROOT}/Manifest.lock\" > /dev/null\nif [ $? != 0 ] ; then\n    # print error to STDERR\n    echo \"error: The sandbox is not in sync with the Podfile.lock. Run 'pod install' or update your CocoaPods installation.\" >&2\n    exit 1\nfi\n# This output is used by Xcode 'outputs' to avoid re-running this script phase.\necho \"SUCCESS\" > \"${SCRIPT_OUTPUT_FILE_0}\"\n";
			showEnvVarsInLog = 0;
		};
/* End PBXShellScriptBuildPhase section */

/* Begin PBXSourcesBuildPhase section */
		FE2ED0552800FE0F006007BA /* Sources */ = {
			isa = PBXSourcesBuildPhase;
			buildActionMask = 2147483647;
			files = (
				FE2ED0B428010508006007BA /* BirthdayLoader.swift in Sources */,
				FE2ED09428010015006007BA /* GoogleSignInButtonWrapper.swift in Sources */,
				FE2ED0AC28010508006007BA /* AuthenticationViewModel.swift in Sources */,
				FE2ED0B228010508006007BA /* GoogleSignInAuthenticator.swift in Sources */,
				FE2ED0AE28010508006007BA /* Birthday.swift in Sources */,
				FE2ED0B628010508006007BA /* BirthdayView.swift in Sources */,
				FE2ED0AA28010508006007BA /* BirthdayViewModel.swift in Sources */,
				FE2ED0BA28010508006007BA /* UserProfileImageView.swift in Sources */,
				FE2ED09528010015006007BA /* UserProfileView.swift in Sources */,
				FE2ED0B028010508006007BA /* UserProfileImageLoader.swift in Sources */,
				FE2ED0BC28010508006007BA /* ContentView.swift in Sources */,
				FE2ED0B828010508006007BA /* SignInView.swift in Sources */,
				FE2ED0762800FF54006007BA /* DaysUntilBirthday.swift in Sources */,
			);
			runOnlyForDeploymentPostprocessing = 0;
		};
		FE2ED05B2800FE0F006007BA /* Sources */ = {
			isa = PBXSourcesBuildPhase;
			buildActionMask = 2147483647;
			files = (
				FE2ED0B528010508006007BA /* BirthdayLoader.swift in Sources */,
				FE2ED08A2800FF74006007BA /* GoogleSignInButtonWrapper.swift in Sources */,
				FE2ED0AD28010508006007BA /* AuthenticationViewModel.swift in Sources */,
				FE2ED0B328010508006007BA /* GoogleSignInAuthenticator.swift in Sources */,
				FE2ED0AF28010508006007BA /* Birthday.swift in Sources */,
				FE2ED0B728010508006007BA /* BirthdayView.swift in Sources */,
				FE2ED0AB28010508006007BA /* BirthdayViewModel.swift in Sources */,
				FE2ED0BB28010508006007BA /* UserProfileImageView.swift in Sources */,
				FE2ED0772800FF54006007BA /* DaysUntilBirthday.swift in Sources */,
				FE2ED0B128010508006007BA /* UserProfileImageLoader.swift in Sources */,
				FE2ED0BD28010508006007BA /* ContentView.swift in Sources */,
				FE2ED0B928010508006007BA /* SignInView.swift in Sources */,
				FE2ED0892800FF74006007BA /* UserProfileView.swift in Sources */,
			);
			runOnlyForDeploymentPostprocessing = 0;
		};
/* End PBXSourcesBuildPhase section */

/* Begin XCBuildConfiguration section */
		FE2ED0682800FE0F006007BA /* Debug */ = {
			isa = XCBuildConfiguration;
			buildSettings = {
				ALWAYS_SEARCH_USER_PATHS = NO;
				CLANG_ANALYZER_NONNULL = YES;
				CLANG_ANALYZER_NUMBER_OBJECT_CONVERSION = YES_AGGRESSIVE;
				CLANG_CXX_LANGUAGE_STANDARD = "gnu++17";
				CLANG_CXX_LIBRARY = "libc++";
				CLANG_ENABLE_MODULES = YES;
				CLANG_ENABLE_OBJC_ARC = YES;
				CLANG_ENABLE_OBJC_WEAK = YES;
				CLANG_WARN_BLOCK_CAPTURE_AUTORELEASING = YES;
				CLANG_WARN_BOOL_CONVERSION = YES;
				CLANG_WARN_COMMA = YES;
				CLANG_WARN_CONSTANT_CONVERSION = YES;
				CLANG_WARN_DEPRECATED_OBJC_IMPLEMENTATIONS = YES;
				CLANG_WARN_DIRECT_OBJC_ISA_USAGE = YES_ERROR;
				CLANG_WARN_DOCUMENTATION_COMMENTS = YES;
				CLANG_WARN_EMPTY_BODY = YES;
				CLANG_WARN_ENUM_CONVERSION = YES;
				CLANG_WARN_INFINITE_RECURSION = YES;
				CLANG_WARN_INT_CONVERSION = YES;
				CLANG_WARN_NON_LITERAL_NULL_CONVERSION = YES;
				CLANG_WARN_OBJC_IMPLICIT_RETAIN_SELF = YES;
				CLANG_WARN_OBJC_LITERAL_CONVERSION = YES;
				CLANG_WARN_OBJC_ROOT_CLASS = YES_ERROR;
				CLANG_WARN_QUOTED_INCLUDE_IN_FRAMEWORK_HEADER = YES;
				CLANG_WARN_RANGE_LOOP_ANALYSIS = YES;
				CLANG_WARN_STRICT_PROTOTYPES = YES;
				CLANG_WARN_SUSPICIOUS_MOVE = YES;
				CLANG_WARN_UNGUARDED_AVAILABILITY = YES_AGGRESSIVE;
				CLANG_WARN_UNREACHABLE_CODE = YES;
				CLANG_WARN__DUPLICATE_METHOD_MATCH = YES;
				COPY_PHASE_STRIP = NO;
				DEBUG_INFORMATION_FORMAT = dwarf;
				ENABLE_STRICT_OBJC_MSGSEND = YES;
				ENABLE_TESTABILITY = YES;
				GCC_C_LANGUAGE_STANDARD = gnu11;
				GCC_DYNAMIC_NO_PIC = NO;
				GCC_NO_COMMON_BLOCKS = YES;
				GCC_OPTIMIZATION_LEVEL = 0;
				GCC_PREPROCESSOR_DEFINITIONS = (
					"DEBUG=1",
					"$(inherited)",
				);
				GCC_WARN_64_TO_32_BIT_CONVERSION = YES;
				GCC_WARN_ABOUT_RETURN_TYPE = YES_ERROR;
				GCC_WARN_UNDECLARED_SELECTOR = YES;
				GCC_WARN_UNINITIALIZED_AUTOS = YES_AGGRESSIVE;
				GCC_WARN_UNUSED_FUNCTION = YES;
				GCC_WARN_UNUSED_VARIABLE = YES;
				MTL_ENABLE_DEBUG_INFO = INCLUDE_SOURCE;
				MTL_FAST_MATH = YES;
				ONLY_ACTIVE_ARCH = YES;
				SWIFT_ACTIVE_COMPILATION_CONDITIONS = DEBUG;
				SWIFT_OPTIMIZATION_LEVEL = "-Onone";
			};
			name = Debug;
		};
		FE2ED0692800FE0F006007BA /* Release */ = {
			isa = XCBuildConfiguration;
			buildSettings = {
				ALWAYS_SEARCH_USER_PATHS = NO;
				CLANG_ANALYZER_NONNULL = YES;
				CLANG_ANALYZER_NUMBER_OBJECT_CONVERSION = YES_AGGRESSIVE;
				CLANG_CXX_LANGUAGE_STANDARD = "gnu++17";
				CLANG_CXX_LIBRARY = "libc++";
				CLANG_ENABLE_MODULES = YES;
				CLANG_ENABLE_OBJC_ARC = YES;
				CLANG_ENABLE_OBJC_WEAK = YES;
				CLANG_WARN_BLOCK_CAPTURE_AUTORELEASING = YES;
				CLANG_WARN_BOOL_CONVERSION = YES;
				CLANG_WARN_COMMA = YES;
				CLANG_WARN_CONSTANT_CONVERSION = YES;
				CLANG_WARN_DEPRECATED_OBJC_IMPLEMENTATIONS = YES;
				CLANG_WARN_DIRECT_OBJC_ISA_USAGE = YES_ERROR;
				CLANG_WARN_DOCUMENTATION_COMMENTS = YES;
				CLANG_WARN_EMPTY_BODY = YES;
				CLANG_WARN_ENUM_CONVERSION = YES;
				CLANG_WARN_INFINITE_RECURSION = YES;
				CLANG_WARN_INT_CONVERSION = YES;
				CLANG_WARN_NON_LITERAL_NULL_CONVERSION = YES;
				CLANG_WARN_OBJC_IMPLICIT_RETAIN_SELF = YES;
				CLANG_WARN_OBJC_LITERAL_CONVERSION = YES;
				CLANG_WARN_OBJC_ROOT_CLASS = YES_ERROR;
				CLANG_WARN_QUOTED_INCLUDE_IN_FRAMEWORK_HEADER = YES;
				CLANG_WARN_RANGE_LOOP_ANALYSIS = YES;
				CLANG_WARN_STRICT_PROTOTYPES = YES;
				CLANG_WARN_SUSPICIOUS_MOVE = YES;
				CLANG_WARN_UNGUARDED_AVAILABILITY = YES_AGGRESSIVE;
				CLANG_WARN_UNREACHABLE_CODE = YES;
				CLANG_WARN__DUPLICATE_METHOD_MATCH = YES;
				COPY_PHASE_STRIP = NO;
				DEBUG_INFORMATION_FORMAT = "dwarf-with-dsym";
				ENABLE_NS_ASSERTIONS = NO;
				ENABLE_STRICT_OBJC_MSGSEND = YES;
				GCC_C_LANGUAGE_STANDARD = gnu11;
				GCC_NO_COMMON_BLOCKS = YES;
				GCC_WARN_64_TO_32_BIT_CONVERSION = YES;
				GCC_WARN_ABOUT_RETURN_TYPE = YES_ERROR;
				GCC_WARN_UNDECLARED_SELECTOR = YES;
				GCC_WARN_UNINITIALIZED_AUTOS = YES_AGGRESSIVE;
				GCC_WARN_UNUSED_FUNCTION = YES;
				GCC_WARN_UNUSED_VARIABLE = YES;
				MTL_ENABLE_DEBUG_INFO = NO;
				MTL_FAST_MATH = YES;
				SWIFT_COMPILATION_MODE = wholemodule;
				SWIFT_OPTIMIZATION_LEVEL = "-O";
			};
			name = Release;
		};
		FE2ED06B2800FE0F006007BA /* Debug */ = {
			isa = XCBuildConfiguration;
			baseConfigurationReference = 0B08EF288921DB186EA58624 /* Pods-DaysUntilBirthdayForPod (iOS).debug.xcconfig */;
			buildSettings = {
				ASSETCATALOG_COMPILER_APPICON_NAME = AppIcon;
				ASSETCATALOG_COMPILER_GLOBAL_ACCENT_COLOR_NAME = AccentColor;
				CLANG_ENABLE_MODULES = YES;
				CODE_SIGN_STYLE = Automatic;
				CURRENT_PROJECT_VERSION = 1;
				ENABLE_PREVIEWS = YES;
				GENERATE_INFOPLIST_FILE = YES;
				INFOPLIST_FILE = iOS/Info.plist;
				INFOPLIST_KEY_UIApplicationSceneManifest_Generation = YES;
				INFOPLIST_KEY_UIApplicationSupportsIndirectInputEvents = YES;
				INFOPLIST_KEY_UILaunchScreen_Generation = YES;
				INFOPLIST_KEY_UISupportedInterfaceOrientations_iPad = "UIInterfaceOrientationPortrait UIInterfaceOrientationPortraitUpsideDown UIInterfaceOrientationLandscapeLeft UIInterfaceOrientationLandscapeRight";
				INFOPLIST_KEY_UISupportedInterfaceOrientations_iPhone = "UIInterfaceOrientationPortrait UIInterfaceOrientationLandscapeLeft UIInterfaceOrientationLandscapeRight";
				IPHONEOS_DEPLOYMENT_TARGET = 15.0;
				LD_RUNPATH_SEARCH_PATHS = (
					"$(inherited)",
					"@executable_path/Frameworks",
				);
				MARKETING_VERSION = 1.0;
				PRODUCT_BUNDLE_IDENTIFIER = com.google.DaysUntilBirthday;
				PRODUCT_NAME = DaysUntilBirthdayForPod;
				SDKROOT = iphoneos;
				SWIFT_EMIT_LOC_STRINGS = YES;
				SWIFT_OPTIMIZATION_LEVEL = "-Onone";
				SWIFT_VERSION = 5.0;
				TARGETED_DEVICE_FAMILY = "1,2";
			};
			name = Debug;
		};
		FE2ED06C2800FE0F006007BA /* Release */ = {
			isa = XCBuildConfiguration;
			baseConfigurationReference = 11B3DE96F8E9E52403BA1C30 /* Pods-DaysUntilBirthdayForPod (iOS).release.xcconfig */;
			buildSettings = {
				ASSETCATALOG_COMPILER_APPICON_NAME = AppIcon;
				ASSETCATALOG_COMPILER_GLOBAL_ACCENT_COLOR_NAME = AccentColor;
				CLANG_ENABLE_MODULES = YES;
				CODE_SIGN_STYLE = Automatic;
				CURRENT_PROJECT_VERSION = 1;
				ENABLE_PREVIEWS = YES;
				GENERATE_INFOPLIST_FILE = YES;
				INFOPLIST_FILE = iOS/Info.plist;
				INFOPLIST_KEY_UIApplicationSceneManifest_Generation = YES;
				INFOPLIST_KEY_UIApplicationSupportsIndirectInputEvents = YES;
				INFOPLIST_KEY_UILaunchScreen_Generation = YES;
				INFOPLIST_KEY_UISupportedInterfaceOrientations_iPad = "UIInterfaceOrientationPortrait UIInterfaceOrientationPortraitUpsideDown UIInterfaceOrientationLandscapeLeft UIInterfaceOrientationLandscapeRight";
				INFOPLIST_KEY_UISupportedInterfaceOrientations_iPhone = "UIInterfaceOrientationPortrait UIInterfaceOrientationLandscapeLeft UIInterfaceOrientationLandscapeRight";
				IPHONEOS_DEPLOYMENT_TARGET = 15.0;
				LD_RUNPATH_SEARCH_PATHS = (
					"$(inherited)",
					"@executable_path/Frameworks",
				);
				MARKETING_VERSION = 1.0;
				PRODUCT_BUNDLE_IDENTIFIER = com.google.DaysUntilBirthday;
				PRODUCT_NAME = DaysUntilBirthdayForPod;
				SDKROOT = iphoneos;
				SWIFT_EMIT_LOC_STRINGS = YES;
				SWIFT_VERSION = 5.0;
				TARGETED_DEVICE_FAMILY = "1,2";
				VALIDATE_PRODUCT = YES;
			};
			name = Release;
		};
		FE2ED06E2800FE0F006007BA /* Debug */ = {
			isa = XCBuildConfiguration;
			baseConfigurationReference = 752CE6A223C1E34534585077 /* Pods-DaysUntilBirthdayForPod (macOS).debug.xcconfig */;
			buildSettings = {
				ASSETCATALOG_COMPILER_APPICON_NAME = AppIcon;
				ASSETCATALOG_COMPILER_GLOBAL_ACCENT_COLOR_NAME = AccentColor;
				CLANG_ENABLE_MODULES = YES;
				CODE_SIGN_ENTITLEMENTS = macOS/macOS.entitlements;
				CODE_SIGN_STYLE = Automatic;
				COMBINE_HIDPI_IMAGES = YES;
				CURRENT_PROJECT_VERSION = 1;
				ENABLE_PREVIEWS = YES;
				GENERATE_INFOPLIST_FILE = YES;
				INFOPLIST_FILE = macOS/Info.plist;
				INFOPLIST_KEY_NSHumanReadableCopyright = "";
				LD_RUNPATH_SEARCH_PATHS = (
					"$(inherited)",
					"@executable_path/../Frameworks",
				);
				MACOSX_DEPLOYMENT_TARGET = 12.0;
				MARKETING_VERSION = 1.0;
				PRODUCT_BUNDLE_IDENTIFIER = Google.DaysUntilBirthdayOnMac;
				PRODUCT_NAME = DaysUntilBirthdayForPod;
				SDKROOT = macosx;
				SWIFT_EMIT_LOC_STRINGS = YES;
				SWIFT_OPTIMIZATION_LEVEL = "-Onone";
				SWIFT_VERSION = 5.0;
			};
			name = Debug;
		};
		FE2ED06F2800FE0F006007BA /* Release */ = {
			isa = XCBuildConfiguration;
			baseConfigurationReference = 54C0CE39088F529ED3F7DB46 /* Pods-DaysUntilBirthdayForPod (macOS).release.xcconfig */;
			buildSettings = {
				ASSETCATALOG_COMPILER_APPICON_NAME = AppIcon;
				ASSETCATALOG_COMPILER_GLOBAL_ACCENT_COLOR_NAME = AccentColor;
				CLANG_ENABLE_MODULES = YES;
				CODE_SIGN_ENTITLEMENTS = macOS/macOS.entitlements;
				CODE_SIGN_STYLE = Automatic;
				COMBINE_HIDPI_IMAGES = YES;
				CURRENT_PROJECT_VERSION = 1;
				ENABLE_PREVIEWS = YES;
				GENERATE_INFOPLIST_FILE = YES;
				INFOPLIST_FILE = macOS/Info.plist;
				INFOPLIST_KEY_NSHumanReadableCopyright = "";
				LD_RUNPATH_SEARCH_PATHS = (
					"$(inherited)",
					"@executable_path/../Frameworks",
				);
				MACOSX_DEPLOYMENT_TARGET = 12.0;
				MARKETING_VERSION = 1.0;
				PRODUCT_BUNDLE_IDENTIFIER = Google.DaysUntilBirthdayOnMac;
				PRODUCT_NAME = DaysUntilBirthdayForPod;
				SDKROOT = macosx;
				SWIFT_EMIT_LOC_STRINGS = YES;
				SWIFT_VERSION = 5.0;
			};
			name = Release;
		};
/* End XCBuildConfiguration section */

/* Begin XCConfigurationList section */
		FE2ED0502800FE0D006007BA /* Build configuration list for PBXProject "DaysUntilBirthdayForPod" */ = {
			isa = XCConfigurationList;
			buildConfigurations = (
				FE2ED0682800FE0F006007BA /* Debug */,
				FE2ED0692800FE0F006007BA /* Release */,
			);
			defaultConfigurationIsVisible = 0;
			defaultConfigurationName = Release;
		};
		FE2ED06A2800FE0F006007BA /* Build configuration list for PBXNativeTarget "DaysUntilBirthdayForPod (iOS)" */ = {
			isa = XCConfigurationList;
			buildConfigurations = (
				FE2ED06B2800FE0F006007BA /* Debug */,
				FE2ED06C2800FE0F006007BA /* Release */,
			);
			defaultConfigurationIsVisible = 0;
			defaultConfigurationName = Release;
		};
		FE2ED06D2800FE0F006007BA /* Build configuration list for PBXNativeTarget "DaysUntilBirthdayForPod (macOS)" */ = {
			isa = XCConfigurationList;
			buildConfigurations = (
				FE2ED06E2800FE0F006007BA /* Debug */,
				FE2ED06F2800FE0F006007BA /* Release */,
			);
			defaultConfigurationIsVisible = 0;
			defaultConfigurationName = Release;
		};
/* End XCConfigurationList section */
	};
	rootObject = FE2ED04D2800FE0D006007BA /* Project object */;
}
